<?xml version="1.0" encoding="utf-8"?>
<Project ToolsVersion="4.0" xmlns="http://schemas.microsoft.com/developer/msbuild/2003">
  <ItemGroup>
    <Filter Include="Source Files">
      <UniqueIdentifier>{4FC737F1-C7A5-4376-A066-2A32D752A2FF}</UniqueIdentifier>
      <Extensions>cpp;c;cc;cxx;def;odl;idl;hpj;bat;asm;asmx</Extensions>
    </Filter>
    <Filter Include="Resource Files">
      <UniqueIdentifier>{67DA6AB6-F800-4c08-8B7A-83BB121AAD01}</UniqueIdentifier>
      <Extensions>rc;ico;cur;bmp;dlg;rc2;rct;bin;rgs;gif;jpg;jpeg;jpe;resx;tiff;tif;png;wav;mfcribbon-ms</Extensions>
    </Filter>
    <Filter Include="Source Files\System">
      <UniqueIdentifier>{44a2ccda-6849-4eb7-834c-40d2d931d02c}</UniqueIdentifier>
    </Filter>
    <Filter Include="Source Files\Core">
      <UniqueIdentifier>{c6a9599b-9f6a-404c-8d0b-2e31c4b06b22}</UniqueIdentifier>
    </Filter>
    <Filter Include="Source Files\Platform">
      <UniqueIdentifier>{ea1868a4-8d81-4a68-82e8-fb7dd83d67b1}</UniqueIdentifier>
    </Filter>
    <Filter Include="Source Files\Platform\Windows">
      <UniqueIdentifier>{ec4a72f2-328b-4304-9b13-e9ded2a9d1ea}</UniqueIdentifier>
    </Filter>
    <Filter Include="Source Files\Renderer">
      <UniqueIdentifier>{5ed99f0a-693a-40d0-96fe-b3b6031cb27c}</UniqueIdentifier>
    </Filter>
    <Filter Include="Source Files\System\VFS">
      <UniqueIdentifier>{5899642e-33f7-4aea-8718-4dec9b4f792f}</UniqueIdentifier>
    </Filter>
    <Filter Include="Source Files\Platform\Compat">
      <UniqueIdentifier>{f9e4ebc4-c067-4aca-addd-434f75b9a4cd}</UniqueIdentifier>
    </Filter>
    <Filter Include="Shaders">
      <UniqueIdentifier>{7f0ea861-08c3-4739-b923-cbe2e0918a52}</UniqueIdentifier>
    </Filter>
    <Filter Include="Source Files\Scene">
      <UniqueIdentifier>{6fef7929-b793-4bd9-88d5-4f5bdb31233d}</UniqueIdentifier>
    </Filter>
    <Filter Include="Source Files\Scene\Components">
      <UniqueIdentifier>{bb016995-e38d-4656-b558-1811f48a65b1}</UniqueIdentifier>
    </Filter>
    <Filter Include="Source Files\Animation">
      <UniqueIdentifier>{528e5c85-ffbb-46ec-bebe-be12f39d46bc}</UniqueIdentifier>
    </Filter>
    <Filter Include="Source Files\Audio">
      <UniqueIdentifier>{607054b5-9185-48e6-8daa-9f9d1a9e1f2d}</UniqueIdentifier>
    </Filter>
    <Filter Include="Source Files\System\AssetLoader">
      <UniqueIdentifier>{f4baab81-b3fb-4342-a76c-565285761639}</UniqueIdentifier>
    </Filter>
    <Filter Include="Private Headers">
      <UniqueIdentifier>{cb6035c5-5165-4687-9262-e57ec0b7b71d}</UniqueIdentifier>
    </Filter>
    <Filter Include="Private Headers\Renderer">
      <UniqueIdentifier>{c4c23b69-8728-4342-95c7-b81b78789ee1}</UniqueIdentifier>
    </Filter>
    <Filter Include="Public Headers">
      <UniqueIdentifier>{93995380-89BD-4b04-88EB-625FBE52EBFB}</UniqueIdentifier>
      <Extensions>h;hh;hpp;hxx;hm;inl;inc;xsd</Extensions>
    </Filter>
    <Filter Include="Public Headers\Engine">
      <UniqueIdentifier>{1fc08f5b-ed18-4c06-89f6-e1c87aa12a3b}</UniqueIdentifier>
    </Filter>
    <Filter Include="Public Headers\System">
      <UniqueIdentifier>{f9fd6e7d-9350-4f7c-b3e3-e7234540ee84}</UniqueIdentifier>
    </Filter>
    <Filter Include="Public Headers\System\AssetLoader">
      <UniqueIdentifier>{4d14fc28-f050-4860-af87-80f2e59394b6}</UniqueIdentifier>
    </Filter>
    <Filter Include="Public Headers\System\VFS">
      <UniqueIdentifier>{3ba5e4db-3417-4b2c-9d8a-1b6d9ad64331}</UniqueIdentifier>
    </Filter>
    <Filter Include="Public Headers\Platform">
      <UniqueIdentifier>{1105c3ea-19c5-411f-8d24-bc6ff762a16d}</UniqueIdentifier>
    </Filter>
    <Filter Include="Public Headers\Renderer">
      <UniqueIdentifier>{1ebdc698-2051-4c0d-a40e-af953893029d}</UniqueIdentifier>
    </Filter>
    <Filter Include="Public Headers\Runtime">
      <UniqueIdentifier>{ac5fbd9a-68d0-48a3-8a51-6272c66c5973}</UniqueIdentifier>
    </Filter>
    <Filter Include="Public Headers\Resource">
      <UniqueIdentifier>{e3624db3-4d63-463a-aed2-867119f0e0d9}</UniqueIdentifier>
    </Filter>
    <Filter Include="Public Headers\Scene">
      <UniqueIdentifier>{78f2d53e-d1ec-45d4-98ef-ff1b0f85c39f}</UniqueIdentifier>
    </Filter>
    <Filter Include="Public Headers\Scene\Components">
      <UniqueIdentifier>{3ed0f935-ca6d-4d14-9b43-d9eb919742f8}</UniqueIdentifier>
    </Filter>
    <Filter Include="Public Headers\Audio">
      <UniqueIdentifier>{11dfdfc0-7383-4540-9fb0-473587e0c661}</UniqueIdentifier>
    </Filter>
    <Filter Include="Public Headers\Animation">
      <UniqueIdentifier>{a2a9361c-64b1-40d3-9d44-8ba9fae94d02}</UniqueIdentifier>
    </Filter>
    <Filter Include="Shaders\Vertex">
      <UniqueIdentifier>{b6764441-4dab-4d7c-9bef-8f7cf83b5306}</UniqueIdentifier>
    </Filter>
    <Filter Include="Shaders\Fragment">
      <UniqueIdentifier>{3e861e39-27cf-4c7d-b497-1f880c1a909e}</UniqueIdentifier>
    </Filter>
    <Filter Include="Shaders\Post Process">
      <UniqueIdentifier>{11bcb4a9-0bf1-4668-b662-7e2bcda1f7b9}</UniqueIdentifier>
    </Filter>
    <Filter Include="Shaders\Compute">
      <UniqueIdentifier>{4eb29d89-662f-4793-9f46-f601c04f7311}</UniqueIdentifier>
    </Filter>
    <Filter Include="Config">
      <UniqueIdentifier>{fdf0c773-4f84-45ef-816a-d88801ad7f5c}</UniqueIdentifier>
    </Filter>
    <Filter Include="Source Files\Script">
      <UniqueIdentifier>{1428936e-557a-4dd2-8f6d-a9151cda4c62}</UniqueIdentifier>
    </Filter>
    <Filter Include="Private Headers\Script">
      <UniqueIdentifier>{23a4d91a-162e-4bb3-be0a-513c70a41987}</UniqueIdentifier>
    </Filter>
    <Filter Include="Private Headers\Script\Interface">
      <UniqueIdentifier>{3d34c9df-3d30-4c4a-aae2-6a0c64a442e9}</UniqueIdentifier>
    </Filter>
    <Filter Include="Source Files\Script\Interface">
      <UniqueIdentifier>{c36b9856-ffb7-429f-98f6-d42b9371fabb}</UniqueIdentifier>
    </Filter>
    <Filter Include="Source Files\GUI">
      <UniqueIdentifier>{3d679903-ed14-45ad-9a40-3cb0a130be03}</UniqueIdentifier>
    </Filter>
    <Filter Include="Public Headers\GUI">
      <UniqueIdentifier>{baf6f09e-3119-48bc-bffe-ce4bfda8275b}</UniqueIdentifier>
    </Filter>
    <Filter Include="Source Files\Runtime">
      <UniqueIdentifier>{ba194bd3-04f5-4a9c-bf62-596e950a67fe}</UniqueIdentifier>
    </Filter>
    <Filter Include="Shaders\Geometry">
      <UniqueIdentifier>{91e2d852-49e2-4b71-ad64-8f66f2e5048b}</UniqueIdentifier>
    </Filter>
    <Filter Include="Shaders\Include">
      <UniqueIdentifier>{b2bbaac2-fdc3-4708-ace1-01671ac79fca}</UniqueIdentifier>
    </Filter>
    <Filter Include="Public Headers\Profiler">
      <UniqueIdentifier>{10295d5c-1863-4fc9-9247-a3f7838f3828}</UniqueIdentifier>
    </Filter>
    <Filter Include="Source Files\Profiler">
      <UniqueIdentifier>{50225dac-62cd-42f7-8bd9-c0251e2dc972}</UniqueIdentifier>
    </Filter>
    <Filter Include="Public Headers\Physics">
      <UniqueIdentifier>{9277627a-638b-4d3e-8451-05541cbb6be7}</UniqueIdentifier>
    </Filter>
    <Filter Include="Source Files\Physics">
      <UniqueIdentifier>{8f540e08-5ffa-4116-b90c-56ff690264e7}</UniqueIdentifier>
    </Filter>
  </ItemGroup>
  <ItemGroup>
    <ClCompile Include="System\Logger.cpp">
      <Filter>Source Files\System</Filter>
    </ClCompile>
    <ClCompile Include="Core\Engine.cpp">
      <Filter>Source Files\Core</Filter>
    </ClCompile>
    <ClCompile Include="Platform\Windows\PlatformInput.cpp">
      <Filter>Source Files\Platform\Windows</Filter>
    </ClCompile>
    <ClCompile Include="Platform\Windows\Windows.cpp">
      <Filter>Source Files\Platform\Windows</Filter>
    </ClCompile>
    <ClCompile Include="Core\Input.cpp">
      <Filter>Source Files\Core</Filter>
    </ClCompile>
    <ClCompile Include="Renderer\Material.cpp">
      <Filter>Source Files\Renderer</Filter>
    </ClCompile>
    <ClCompile Include="Renderer\Buffer.cpp">
      <Filter>Source Files\Renderer</Filter>
    </ClCompile>
    <ClCompile Include="Renderer\NFont.cpp">
      <Filter>Source Files\Renderer</Filter>
    </ClCompile>
    <ClCompile Include="Renderer\ShaderModule.cpp">
      <Filter>Source Files\Renderer</Filter>
    </ClCompile>
    <ClCompile Include="Renderer\Swapchain.cpp">
      <Filter>Source Files\Renderer</Filter>
    </ClCompile>
    <ClCompile Include="Renderer\Texture.cpp">
      <Filter>Source Files\Renderer</Filter>
    </ClCompile>
    <ClCompile Include="Renderer\PipelineManager.cpp">
      <Filter>Source Files\Renderer</Filter>
    </ClCompile>
    <ClCompile Include="Renderer\Renderer.cpp">
      <Filter>Source Files\Renderer</Filter>
    </ClCompile>
    <ClCompile Include="Renderer\RenderPassManager.cpp">
      <Filter>Source Files\Renderer</Filter>
    </ClCompile>
    <ClCompile Include="System\VFS\VFSArchive.cpp">
      <Filter>Source Files\System\VFS</Filter>
    </ClCompile>
    <ClCompile Include="System\VFS\VFSFile.cpp">
      <Filter>Source Files\System\VFS</Filter>
    </ClCompile>
    <ClCompile Include="System\VFS\VFS.cpp">
      <Filter>Source Files\System\VFS</Filter>
    </ClCompile>
    <ClCompile Include="Platform\Compat\reallocarray.cpp">
      <Filter>Source Files\Platform\Compat</Filter>
    </ClCompile>
    <ClCompile Include="Core\ResourceDatabase.cpp">
      <Filter>Source Files\Core</Filter>
    </ClCompile>
    <ClCompile Include="Core\ResourceManager.cpp">
      <Filter>Source Files\Core</Filter>
    </ClCompile>
    <ClCompile Include="Core\Init.cpp">
      <Filter>Source Files\Core</Filter>
    </ClCompile>
    <ClCompile Include="Renderer\StaticMesh.cpp">
      <Filter>Source Files\Renderer</Filter>
    </ClCompile>
    <ClCompile Include="Core\Camera.cpp">
      <Filter>Source Files\Core</Filter>
    </ClCompile>
    <ClCompile Include="Core\CameraManager.cpp">
      <Filter>Source Files\Core</Filter>
    </ClCompile>
    <ClCompile Include="Scene\Object.cpp">
      <Filter>Source Files\Scene</Filter>
    </ClCompile>
    <ClCompile Include="Scene\ObjectComponent.cpp">
      <Filter>Source Files\Scene</Filter>
    </ClCompile>
    <ClCompile Include="Scene\Components\StaticMeshComponent.cpp">
      <Filter>Source Files\Scene\Components</Filter>
    </ClCompile>
    <ClCompile Include="Scene\Components\AnimatorComponent.cpp">
      <Filter>Source Files\Scene\Components</Filter>
    </ClCompile>
    <ClCompile Include="Scene\Components\AudioSourceComponent.cpp">
      <Filter>Source Files\Scene\Components</Filter>
    </ClCompile>
    <ClCompile Include="Scene\Components\CameraComponent.cpp">
      <Filter>Source Files\Scene\Components</Filter>
    </ClCompile>
    <ClCompile Include="Scene\Components\FPSControllerComponent.cpp">
      <Filter>Source Files\Scene\Components</Filter>
    </ClCompile>
    <ClCompile Include="Scene\Components\LightComponent.cpp">
      <Filter>Source Files\Scene\Components</Filter>
    </ClCompile>
    <ClCompile Include="Audio\AudioClip.cpp">
      <Filter>Source Files\Audio</Filter>
    </ClCompile>
    <ClCompile Include="Animation\AnimationClip.cpp">
      <Filter>Source Files\Animation</Filter>
    </ClCompile>
    <ClCompile Include="Animation\Skeleton.cpp">
      <Filter>Source Files\Animation</Filter>
    </ClCompile>
    <ClCompile Include="Core\SoundManager.cpp">
      <Filter>Source Files\Core</Filter>
    </ClCompile>
    <ClCompile Include="System\AssetLoader\AssetLoader.cpp">
      <Filter>Source Files\System\AssetLoader</Filter>
    </ClCompile>
    <ClCompile Include="Scene\Scene.cpp">
      <Filter>Source Files\Scene</Filter>
    </ClCompile>
    <ClCompile Include="Scene\LoadingScreen.cpp">
      <Filter>Source Files\Scene</Filter>
    </ClCompile>
    <ClCompile Include="Core\SceneManager.cpp">
      <Filter>Source Files\Core</Filter>
    </ClCompile>
    <ClCompile Include="Core\Console.cpp">
      <Filter>Source Files\Core</Filter>
    </ClCompile>
    <ClCompile Include="Renderer\SkeletalMesh.cpp">
      <Filter>Source Files\Renderer</Filter>
    </ClCompile>
    <ClCompile Include="Scene\Components\SkeletalMeshComponent.cpp">
      <Filter>Source Files\Scene\Components</Filter>
    </ClCompile>
    <ClCompile Include="System\AssetLoader\TGA.cpp">
      <Filter>Source Files\System\AssetLoader</Filter>
    </ClCompile>
    <ClCompile Include="Renderer\PostProcessor.cpp">
      <Filter>Source Files\Renderer</Filter>
    </ClCompile>
    <ClCompile Include="System\AssetLoader\DDS.cpp">
      <Filter>Source Files\System\AssetLoader</Filter>
    </ClCompile>
    <ClCompile Include="System\AssetLoader\ASTC.cpp">
      <Filter>Source Files\System\AssetLoader</Filter>
    </ClCompile>
    <ClCompile Include="Scene\Components\TerrainComponent.cpp">
      <Filter>Source Files\Scene\Components</Filter>
    </ClCompile>
    <ClCompile Include="Renderer\SSAO.cpp">
      <Filter>Source Files\Renderer</Filter>
    </ClCompile>
    <ClCompile Include="Renderer\ShadowRenderer.cpp">
      <Filter>Source Files\Renderer</Filter>
    </ClCompile>
    <ClCompile Include="Core\EventManager.cpp">
      <Filter>Source Files\Core</Filter>
    </ClCompile>
    <ClCompile Include="Scene\Components\ScriptComponent.cpp">
      <Filter>Source Files\Scene\Components</Filter>
    </ClCompile>
    <ClCompile Include="Script\Interface\GUIInterface.cpp">
      <Filter>Source Files\Script\Interface</Filter>
    </ClCompile>
    <ClCompile Include="Script\Script.cpp">
      <Filter>Source Files\Script</Filter>
    </ClCompile>
    <ClCompile Include="Script\Interface\EngineInterface.cpp">
      <Filter>Source Files\Script\Interface</Filter>
    </ClCompile>
    <ClCompile Include="Script\Interface\InputInterface.cpp">
      <Filter>Source Files\Script\Interface</Filter>
    </ClCompile>
    <ClCompile Include="Script\Interface\ObjectInterface.cpp">
      <Filter>Source Files\Script\Interface</Filter>
    </ClCompile>
    <ClCompile Include="Script\Interface\SceneInterface.cpp">
      <Filter>Source Files\Script\Interface</Filter>
    </ClCompile>
    <ClCompile Include="Script\Interface\ObjectComponentInterface.cpp">
      <Filter>Source Files\Script\Interface</Filter>
    </ClCompile>
    <ClCompile Include="Script\Interface\LoggerInterface.cpp">
      <Filter>Source Files\Script\Interface</Filter>
    </ClCompile>
    <ClCompile Include="Script\Interface\EventManagerInterface.cpp">
      <Filter>Source Files\Script\Interface</Filter>
    </ClCompile>
    <ClCompile Include="Script\Interface\ResourceManagerInterface.cpp">
      <Filter>Source Files\Script\Interface</Filter>
    </ClCompile>
    <ClCompile Include="Script\Interface\CameraComponentInterface.cpp">
      <Filter>Source Files\Script\Interface</Filter>
    </ClCompile>
    <ClCompile Include="Script\Interface\CameraInterface.cpp">
      <Filter>Source Files\Script\Interface</Filter>
    </ClCompile>
    <ClCompile Include="Script\Interface\CameraManagerInterface.cpp">
      <Filter>Source Files\Script\Interface</Filter>
    </ClCompile>
    <ClCompile Include="Script\Interface\PlatformInterface.cpp">
      <Filter>Source Files\Script\Interface</Filter>
    </ClCompile>
    <ClCompile Include="Script\Interface\MathInterface.cpp">
      <Filter>Source Files\Script\Interface</Filter>
    </ClCompile>
    <ClCompile Include="Script\Interface\ConsoleInterface.cpp">
      <Filter>Source Files\Script\Interface</Filter>
    </ClCompile>
    <ClCompile Include="Script\Interface\AudioSourceInterface.cpp">
      <Filter>Source Files\Script\Interface</Filter>
    </ClCompile>
    <ClCompile Include="Script\Interface\AnimationClipInterface.cpp">
      <Filter>Source Files\Script\Interface</Filter>
    </ClCompile>
    <ClCompile Include="Script\Interface\AnimatorComponentInterface.cpp">
      <Filter>Source Files\Script\Interface</Filter>
    </ClCompile>
    <ClCompile Include="Script\Interface\AudioSourceComponentInterface.cpp">
      <Filter>Source Files\Script\Interface</Filter>
    </ClCompile>
    <ClCompile Include="Script\Interface\LightComponentInterface.cpp">
      <Filter>Source Files\Script\Interface</Filter>
    </ClCompile>
    <ClCompile Include="Script\Interface\SkeletalMeshComponentInterface.cpp">
      <Filter>Source Files\Script\Interface</Filter>
    </ClCompile>
    <ClCompile Include="Script\Interface\SoundManagerInterface.cpp">
      <Filter>Source Files\Script\Interface</Filter>
    </ClCompile>
    <ClCompile Include="Script\Interface\StaticMeshComponentInterface.cpp">
      <Filter>Source Files\Script\Interface</Filter>
    </ClCompile>
    <ClCompile Include="Script\Interface\MaterialInterface.cpp">
      <Filter>Source Files\Script\Interface</Filter>
    </ClCompile>
    <ClCompile Include="Script\Interface\VFSInterface.cpp">
      <Filter>Source Files\Script\Interface</Filter>
    </ClCompile>
    <ClCompile Include="GUI\GUIManager.cpp">
      <Filter>Source Files\GUI</Filter>
    </ClCompile>
    <ClCompile Include="GUI\Control.cpp">
      <Filter>Source Files\GUI</Filter>
    </ClCompile>
    <ClCompile Include="GUI\Button.cpp">
      <Filter>Source Files\GUI</Filter>
    </ClCompile>
    <ClCompile Include="GUI\Label.cpp">
      <Filter>Source Files\GUI</Filter>
    </ClCompile>
    <ClCompile Include="GUI\Box.cpp">
      <Filter>Source Files\GUI</Filter>
    </ClCompile>
    <ClCompile Include="Script\Interface\DebugInterface.cpp">
      <Filter>Source Files\Script\Interface</Filter>
    </ClCompile>
    <ClCompile Include="Platform\Windows\CrashHandler.cpp">
      <Filter>Source Files\Platform\Windows</Filter>
    </ClCompile>
    <ClCompile Include="Platform\Shared.cpp">
      <Filter>Source Files\Platform</Filter>
    </ClCompile>
    <ClCompile Include="Renderer\DebugMarker.cpp">
      <Filter>Source Files\Renderer</Filter>
    </ClCompile>
    <ClCompile Include="Scene\Components\SkysphereComponent.cpp">
      <Filter>Source Files\Scene\Components</Filter>
    </ClCompile>
    <ClCompile Include="Runtime\Runtime.cpp">
      <Filter>Source Files\Runtime</Filter>
    </ClCompile>
    <ClCompile Include="GUI\TextBox.cpp">
      <Filter>Source Files\GUI</Filter>
    </ClCompile>
    <ClCompile Include="GUI\Slider.cpp">
      <Filter>Source Files\GUI</Filter>
    </ClCompile>
    <ClCompile Include="Scene\Components\GPUParticleSystemComponent.cpp">
      <Filter>Source Files\Scene\Components</Filter>
    </ClCompile>
    <ClCompile Include="Profiler\Profiler.cpp">
      <Filter>Source Files\Profiler</Filter>
    </ClCompile>
    <ClCompile Include="Scene\Components\CPUParticleSystemComponent.cpp">
      <Filter>Source Files\Scene\Components</Filter>
    </ClCompile>
    <ClCompile Include="Renderer\Primitives.cpp">
      <Filter>Source Files\Renderer</Filter>
    </ClCompile>
    <ClCompile Include="Core\Debug.cpp">
      <Filter>Source Files\Core</Filter>
    </ClCompile>
    <ClCompile Include="System\VFS\LooseFile.cpp">
      <Filter>Source Files\System\VFS</Filter>
    </ClCompile>
    <ClCompile Include="System\VFS\GZipFile.cpp">
      <Filter>Source Files\System\VFS</Filter>
    </ClCompile>
    <ClCompile Include="System\VFS\PackedFile.cpp">
      <Filter>Source Files\System\VFS</Filter>
    </ClCompile>
    <ClCompile Include="System\VFS\BZip2File.cpp">
      <Filter>Source Files\System\VFS</Filter>
    </ClCompile>
    <ClCompile Include="Scene\OcTree.cpp">
      <Filter>Source Files\Scene</Filter>
    </ClCompile>
    <ClCompile Include="Core\TaskManager.cpp">
      <Filter>Source Files\Core</Filter>
    </ClCompile>
    <ClCompile Include="Physics\Physics.cpp">
      <Filter>Source Files\Physics</Filter>
    </ClCompile>
    <ClCompile Include="Audio\AudioSystem.cpp">
      <Filter>Source Files\Audio</Filter>
    </ClCompile>
    <ClCompile Include="Scene\Components\ColliderComponent.cpp">
      <Filter>Source Files\Scene\Components</Filter>
    </ClCompile>
  </ItemGroup>
  <ItemGroup>
    <ClInclude Include="..\..\Include\Engine\Defs.h">
      <Filter>Public Headers\Engine</Filter>
    </ClInclude>
    <ClInclude Include="..\..\Include\System\Logger.h">
      <Filter>Public Headers\System</Filter>
    </ClInclude>
    <ClInclude Include="..\..\Include\Engine\Engine.h">
      <Filter>Public Headers\Engine</Filter>
    </ClInclude>
    <ClInclude Include="..\..\Include\Engine\Keycodes.h">
      <Filter>Public Headers\Engine</Filter>
    </ClInclude>
    <ClInclude Include="..\..\Include\Engine\Version.h">
      <Filter>Public Headers\Engine</Filter>
    </ClInclude>
    <ClInclude Include="..\..\Include\Engine\Input.h">
      <Filter>Public Headers\Engine</Filter>
    </ClInclude>
    <ClInclude Include="..\..\Include\Platform\Platform.h">
      <Filter>Public Headers\Platform</Filter>
    </ClInclude>
    <ClInclude Include="..\..\Include\Platform\PlatformDetect.h">
      <Filter>Public Headers\Platform</Filter>
    </ClInclude>
    <ClInclude Include="..\..\Include\Platform\Compat.h">
      <Filter>Public Headers\Platform</Filter>
    </ClInclude>
    <ClInclude Include="..\..\Include\Renderer\Material.h">
      <Filter>Public Headers\Renderer</Filter>
    </ClInclude>
    <ClInclude Include="..\..\Include\Renderer\Buffer.h">
      <Filter>Public Headers\Renderer</Filter>
    </ClInclude>
    <ClInclude Include="..\..\Include\Renderer\NFont.h">
      <Filter>Public Headers\Renderer</Filter>
    </ClInclude>
    <ClInclude Include="..\..\Include\Renderer\PipelineManager.h">
      <Filter>Public Headers\Renderer</Filter>
    </ClInclude>
    <ClInclude Include="..\..\Include\Renderer\ShaderModule.h">
      <Filter>Public Headers\Renderer</Filter>
    </ClInclude>
    <ClInclude Include="..\..\Include\Renderer\Swapchain.h">
      <Filter>Public Headers\Renderer</Filter>
    </ClInclude>
    <ClInclude Include="..\..\Include\Renderer\Texture.h">
      <Filter>Public Headers\Renderer</Filter>
    </ClInclude>
    <ClInclude Include="..\..\Include\Renderer\Renderer.h">
      <Filter>Public Headers\Renderer</Filter>
    </ClInclude>
    <ClInclude Include="..\..\Include\Renderer\RenderPassManager.h">
      <Filter>Public Headers\Renderer</Filter>
    </ClInclude>
    <ClInclude Include="..\..\Include\System\VFS\VFSFile.h">
      <Filter>Public Headers\System\VFS</Filter>
    </ClInclude>
    <ClInclude Include="..\..\Include\System\VFS\VFS.h">
      <Filter>Public Headers\System\VFS</Filter>
    </ClInclude>
    <ClInclude Include="..\..\Include\System\VFS\VFSArchive.h">
      <Filter>Public Headers\System\VFS</Filter>
    </ClInclude>
    <ClInclude Include="..\..\Include\Runtime\NString.h">
      <Filter>Public Headers\Runtime</Filter>
    </ClInclude>
    <ClInclude Include="..\..\Include\Runtime\Runtime.h">
      <Filter>Public Headers\Runtime</Filter>
    </ClInclude>
    <ClInclude Include="..\..\Include\Runtime\NArray.h">
      <Filter>Public Headers\Runtime</Filter>
    </ClInclude>
    <ClInclude Include="..\..\Include\Resource\MeshResource.h">
      <Filter>Public Headers\Resource</Filter>
    </ClInclude>
    <ClInclude Include="..\..\Include\Resource\Resource.h">
      <Filter>Public Headers\Resource</Filter>
    </ClInclude>
    <ClInclude Include="..\..\Include\Resource\ResourceInfo.h">
      <Filter>Public Headers\Resource</Filter>
    </ClInclude>
    <ClInclude Include="..\..\Include\Resource\ShaderModuleResource.h">
      <Filter>Public Headers\Resource</Filter>
    </ClInclude>
    <ClInclude Include="..\..\Include\Resource\TextureResource.h">
      <Filter>Public Headers\Resource</Filter>
    </ClInclude>
    <ClInclude Include="..\..\Include\Resource\AnimationClipResource.h">
      <Filter>Public Headers\Resource</Filter>
    </ClInclude>
    <ClInclude Include="..\..\Include\Resource\AudioClipResource.h">
      <Filter>Public Headers\Resource</Filter>
    </ClInclude>
    <ClInclude Include="..\..\Include\Resource\FontResource.h">
      <Filter>Public Headers\Resource</Filter>
    </ClInclude>
    <ClInclude Include="..\..\Include\Resource\MaterialResource.h">
      <Filter>Public Headers\Resource</Filter>
    </ClInclude>
    <ClInclude Include="..\..\Include\Engine\ResourceDatabase.h">
      <Filter>Public Headers\Engine</Filter>
    </ClInclude>
    <ClInclude Include="..\..\Include\Engine\ResourceManager.h">
      <Filter>Public Headers\Engine</Filter>
    </ClInclude>
    <ClInclude Include="..\..\Include\Engine\Vertex.h">
      <Filter>Public Headers\Engine</Filter>
    </ClInclude>
    <ClInclude Include="..\..\Include\Renderer\StaticMesh.h">
      <Filter>Public Headers\Renderer</Filter>
    </ClInclude>
    <ClInclude Include="..\..\Include\Engine\Camera.h">
      <Filter>Public Headers\Engine</Filter>
    </ClInclude>
    <ClInclude Include="..\..\Include\Engine\CameraManager.h">
      <Filter>Public Headers\Engine</Filter>
    </ClInclude>
    <ClInclude Include="..\..\Include\Scene\Object.h">
      <Filter>Public Headers\Scene</Filter>
    </ClInclude>
    <ClInclude Include="..\..\Include\Engine\EngineClassFactory.h">
      <Filter>Public Headers\Engine</Filter>
    </ClInclude>
    <ClInclude Include="..\..\Include\Scene\ObjectComponent.h">
      <Filter>Public Headers\Scene</Filter>
    </ClInclude>
    <ClInclude Include="..\..\Include\Scene\Components\StaticMeshComponent.h">
      <Filter>Public Headers\Scene\Components</Filter>
    </ClInclude>
    <ClInclude Include="..\..\Include\Scene\Components\CameraComponent.h">
      <Filter>Public Headers\Scene\Components</Filter>
    </ClInclude>
    <ClInclude Include="..\..\Include\Scene\Components\FPSControllerComponent.h">
      <Filter>Public Headers\Scene\Components</Filter>
    </ClInclude>
    <ClInclude Include="..\..\Include\Scene\Components\LightComponent.h">
      <Filter>Public Headers\Scene\Components</Filter>
    </ClInclude>
    <ClInclude Include="..\..\Include\Scene\Components\AnimatorComponent.h">
      <Filter>Public Headers\Scene\Components</Filter>
    </ClInclude>
    <ClInclude Include="..\..\Include\Scene\Components\AudioSourceComponent.h">
      <Filter>Public Headers\Scene\Components</Filter>
    </ClInclude>
    <ClInclude Include="..\..\Include\Audio\AudioSource.h">
      <Filter>Public Headers\Audio</Filter>
    </ClInclude>
    <ClInclude Include="..\..\Include\Audio\AudioClip.h">
      <Filter>Public Headers\Audio</Filter>
    </ClInclude>
    <ClInclude Include="..\..\Include\Animation\AnimationNode.h">
      <Filter>Public Headers\Animation</Filter>
    </ClInclude>
    <ClInclude Include="..\..\Include\Animation\Bone.h">
      <Filter>Public Headers\Animation</Filter>
    </ClInclude>
    <ClInclude Include="..\..\Include\Animation\Skeleton.h">
      <Filter>Public Headers\Animation</Filter>
    </ClInclude>
    <ClInclude Include="..\..\Include\Animation\TransformNode.h">
      <Filter>Public Headers\Animation</Filter>
    </ClInclude>
    <ClInclude Include="..\..\Include\Animation\AnimationClip.h">
      <Filter>Public Headers\Animation</Filter>
    </ClInclude>
    <ClInclude Include="..\..\Include\Engine\SoundManager.h">
      <Filter>Public Headers\Engine</Filter>
    </ClInclude>
    <ClInclude Include="..\..\Include\System\AssetLoader\AssetLoader.h">
      <Filter>Public Headers\System\AssetLoader</Filter>
    </ClInclude>
    <ClInclude Include="..\..\Include\Scene\Scene.h">
      <Filter>Public Headers\Scene</Filter>
    </ClInclude>
    <ClInclude Include="..\..\Include\Scene\LoadingScreen.h">
      <Filter>Public Headers\Scene</Filter>
    </ClInclude>
    <ClInclude Include="..\..\Include\Engine\SceneManager.h">
      <Filter>Public Headers\Engine</Filter>
    </ClInclude>
    <ClInclude Include="..\..\Include\Engine\GameModule.h">
      <Filter>Public Headers\Engine</Filter>
    </ClInclude>
    <ClInclude Include="resource.h">
      <Filter>Resource Files</Filter>
    </ClInclude>
    <ClInclude Include="..\..\Include\Engine\Console.h">
      <Filter>Public Headers\Engine</Filter>
    </ClInclude>
    <ClInclude Include="..\..\Include\Scene\Components\SkeletalMeshComponent.h">
      <Filter>Public Headers\Scene\Components</Filter>
    </ClInclude>
    <ClInclude Include="..\..\Include\Renderer\SkeletalMesh.h">
      <Filter>Public Headers\Renderer</Filter>
    </ClInclude>
    <ClInclude Include="..\..\Include\Renderer\PostProcessor.h">
      <Filter>Public Headers\Renderer</Filter>
    </ClInclude>
    <ClInclude Include="..\Include\Renderer\VKUtil.h">
      <Filter>Private Headers\Renderer</Filter>
    </ClInclude>
    <ClInclude Include="..\Include\Renderer\SSAO.h">
      <Filter>Public Headers\Renderer</Filter>
    </ClInclude>
    <ClInclude Include="..\..\Include\Renderer\Effect.h">
      <Filter>Public Headers\Renderer</Filter>
    </ClInclude>
    <ClInclude Include="..\..\Include\Scene\Components\TerrainComponent.h">
      <Filter>Public Headers\Scene\Components</Filter>
    </ClInclude>
    <ClInclude Include="..\..\Include\Renderer\ShadowRenderer.h">
      <Filter>Public Headers\Renderer</Filter>
    </ClInclude>
    <ClInclude Include="..\..\Include\Engine\EventManager.h">
      <Filter>Public Headers\Engine</Filter>
    </ClInclude>
    <ClInclude Include="..\..\Include\Engine\Events.h">
      <Filter>Public Headers\Engine</Filter>
    </ClInclude>
    <ClInclude Include="..\..\Include\Scene\Components\ScriptComponent.h">
      <Filter>Public Headers\Scene\Components</Filter>
    </ClInclude>
    <ClInclude Include="..\Include\Script\Interface\GUIInterface.h">
      <Filter>Private Headers\Script\Interface</Filter>
    </ClInclude>
    <ClInclude Include="..\Include\Script\Script.h">
      <Filter>Private Headers\Script</Filter>
    </ClInclude>
    <ClInclude Include="..\Include\Script\Interface\EngineInterface.h">
      <Filter>Private Headers\Script\Interface</Filter>
    </ClInclude>
    <ClInclude Include="..\Include\Script\Interface\InputInterface.h">
      <Filter>Private Headers\Script\Interface</Filter>
    </ClInclude>
    <ClInclude Include="..\Include\Script\Interface\ObjectInterface.h">
      <Filter>Private Headers\Script\Interface</Filter>
    </ClInclude>
    <ClInclude Include="..\Include\Script\Interface\SceneInterface.h">
      <Filter>Private Headers\Script\Interface</Filter>
    </ClInclude>
    <ClInclude Include="..\Include\Script\Interface\ObjectComponentInterface.h">
      <Filter>Private Headers\Script\Interface</Filter>
    </ClInclude>
    <ClInclude Include="..\Include\Script\Interface\LoggerInterface.h">
      <Filter>Private Headers\Script\Interface</Filter>
    </ClInclude>
    <ClInclude Include="..\Include\Script\Interface\EventManagerInterface.h">
      <Filter>Private Headers\Script\Interface</Filter>
    </ClInclude>
    <ClInclude Include="..\Include\Script\Interface\ResourceManagerInterface.h">
      <Filter>Private Headers\Script\Interface</Filter>
    </ClInclude>
    <ClInclude Include="..\Include\Script\Interface\CameraComponentInterface.h">
      <Filter>Private Headers\Script\Interface</Filter>
    </ClInclude>
    <ClInclude Include="..\Include\Script\Interface\CameraInterface.h">
      <Filter>Private Headers\Script\Interface</Filter>
    </ClInclude>
    <ClInclude Include="..\Include\Script\Interface\CameraManagerInterface.h">
      <Filter>Private Headers\Script\Interface</Filter>
    </ClInclude>
    <ClInclude Include="..\Include\Script\Interface\PlatformInterface.h">
      <Filter>Private Headers\Script\Interface</Filter>
    </ClInclude>
    <ClInclude Include="..\Include\Script\Interface\MathInterface.h">
      <Filter>Private Headers\Script\Interface</Filter>
    </ClInclude>
    <ClInclude Include="..\Include\Script\Interface\ConsoleInterface.h">
      <Filter>Private Headers\Script\Interface</Filter>
    </ClInclude>
    <ClInclude Include="..\Include\Script\Interface\AudioSourceInterface.h">
      <Filter>Private Headers\Script\Interface</Filter>
    </ClInclude>
    <ClInclude Include="..\Include\Script\Interface\SoundManagerInterface.h">
      <Filter>Private Headers\Script\Interface</Filter>
    </ClInclude>
    <ClInclude Include="..\Include\Script\Interface\AnimatorComponentInterface.h">
      <Filter>Private Headers\Script\Interface</Filter>
    </ClInclude>
    <ClInclude Include="..\Include\Script\Interface\LightComponentInterface.h">
      <Filter>Private Headers\Script\Interface</Filter>
    </ClInclude>
    <ClInclude Include="..\Include\Script\Interface\AudioSourceComponentInterface.h">
      <Filter>Private Headers\Script\Interface</Filter>
    </ClInclude>
    <ClInclude Include="..\Include\Script\Interface\StaticMeshComponentInterface.h">
      <Filter>Private Headers\Script\Interface</Filter>
    </ClInclude>
    <ClInclude Include="..\Include\Script\Interface\SkeletalMeshComponentInterface.h">
      <Filter>Private Headers\Script\Interface</Filter>
    </ClInclude>
    <ClInclude Include="..\Include\Script\Interface\AnimationClipInterface.h">
      <Filter>Private Headers\Script\Interface</Filter>
    </ClInclude>
    <ClInclude Include="..\Include\Script\Interface\MaterialInterface.h">
      <Filter>Private Headers\Script\Interface</Filter>
    </ClInclude>
    <ClInclude Include="..\Include\Script\Interface\VFSInterface.h">
      <Filter>Private Headers\Script\Interface</Filter>
    </ClInclude>
    <ClInclude Include="..\..\Include\Runtime\NArrayTS.h">
      <Filter>Public Headers\Runtime</Filter>
    </ClInclude>
    <ClInclude Include="..\..\Include\GUI\GUIManager.h">
      <Filter>Public Headers\GUI</Filter>
    </ClInclude>
    <ClInclude Include="..\..\Include\GUI\GUIDefs.h">
      <Filter>Public Headers\GUI</Filter>
    </ClInclude>
    <ClInclude Include="..\..\Include\GUI\Control.h">
      <Filter>Public Headers\GUI</Filter>
    </ClInclude>
    <ClInclude Include="..\..\Include\GUI\GUI.h">
      <Filter>Public Headers\GUI</Filter>
    </ClInclude>
    <ClInclude Include="..\..\Include\GUI\Button.h">
      <Filter>Public Headers\GUI</Filter>
    </ClInclude>
    <ClInclude Include="..\..\Include\Runtime\NBounds.h">
      <Filter>Public Headers\Runtime</Filter>
    </ClInclude>
    <ClInclude Include="..\..\Include\GUI\Label.h">
      <Filter>Public Headers\GUI</Filter>
    </ClInclude>
    <ClInclude Include="..\..\Include\GUI\Box.h">
      <Filter>Public Headers\GUI</Filter>
    </ClInclude>
    <ClInclude Include="..\..\Include\Runtime\NFrustum.h">
      <Filter>Public Headers\Runtime</Filter>
    </ClInclude>
    <ClInclude Include="..\Include\Script\Interface\DebugInterface.h">
      <Filter>Private Headers\Script\Interface</Filter>
    </ClInclude>
    <ClInclude Include="..\..\Include\Renderer\Drawable.h">
      <Filter>Public Headers\Renderer</Filter>
    </ClInclude>
    <ClInclude Include="..\..\Include\Platform\CrashHandler.h">
      <Filter>Public Headers\Platform</Filter>
    </ClInclude>
    <ClInclude Include="..\..\Include\Engine\Debug.h">
      <Filter>Public Headers\Engine</Filter>
    </ClInclude>
    <ClInclude Include="..\Include\Renderer\DebugMarker.h">
      <Filter>Private Headers\Renderer</Filter>
    </ClInclude>
    <ClInclude Include="..\..\Include\Runtime\NThreadPool.h">
      <Filter>Public Headers\Runtime</Filter>
    </ClInclude>
    <ClInclude Include="..\..\Include\Scene\Components\SkysphereComponent.h">
      <Filter>Public Headers\Scene\Components</Filter>
    </ClInclude>
    <ClInclude Include="..\..\Include\GUI\TextBox.h">
      <Filter>Public Headers\GUI</Filter>
    </ClInclude>
    <ClInclude Include="..\..\Include\GUI\Slider.h">
      <Filter>Public Headers\GUI</Filter>
    </ClInclude>
    <ClInclude Include="..\..\Include\Scene\Components\GPUParticleSystemComponent.h">
      <Filter>Public Headers\Scene\Components</Filter>
    </ClInclude>
    <ClInclude Include="..\Shaders\vertex\bounds_vertex.vert">
      <Filter>Shaders\Vertex</Filter>
    </ClInclude>
    <ClInclude Include="..\..\Include\Profiler\Profiler.h">
      <Filter>Public Headers\Profiler</Filter>
    </ClInclude>
    <ClInclude Include="..\..\Include\Scene\Components\CPUParticleSystemComponent.h">
      <Filter>Public Headers\Scene\Components</Filter>
    </ClInclude>
    <ClInclude Include="..\..\Include\Renderer\Primitives.h">
      <Filter>Public Headers\Renderer</Filter>
    </ClInclude>
    <ClInclude Include="..\..\Include\System\VFS\LooseFile.h">
      <Filter>Public Headers\System\VFS</Filter>
    </ClInclude>
    <ClInclude Include="..\..\Include\System\VFS\GZipFile.h">
      <Filter>Public Headers\System\VFS</Filter>
    </ClInclude>
    <ClInclude Include="..\..\Include\System\VFS\PackedFile.h">
      <Filter>Public Headers\System\VFS</Filter>
    </ClInclude>
    <ClInclude Include="..\..\Include\System\VFS\BZip2File.h">
      <Filter>Public Headers\System\VFS</Filter>
    </ClInclude>
    <ClInclude Include="..\..\Include\Scene\OcTree.h">
      <Filter>Public Headers\Scene</Filter>
    </ClInclude>
    <ClInclude Include="..\..\Include\Physics\Physics.h">
      <Filter>Public Headers\Physics</Filter>
    </ClInclude>
    <ClInclude Include="..\..\Include\Engine\TaskManager.h">
      <Filter>Public Headers\Engine</Filter>
    </ClInclude>
    <ClInclude Include="..\..\Include\Physics\Collider.h">
      <Filter>Public Headers\Physics</Filter>
    </ClInclude>
    <ClInclude Include="..\..\Include\Audio\AudioSystem.h">
      <Filter>Public Headers\Audio</Filter>
    </ClInclude>
    <ClInclude Include="..\..\Include\Audio\AudioBuffer.h">
      <Filter>Public Headers\Audio</Filter>
    </ClInclude>
    <ClInclude Include="..\..\Include\Scene\Components\ColliderComponent.h">
      <Filter>Public Headers\Scene\Components</Filter>
    </ClInclude>
    <ClInclude Include="..\..\Include\Physics\Ray.h">
      <Filter>Public Headers\Physics</Filter>
    </ClInclude>
    <ClInclude Include="..\..\Include\Physics\RigidBody.h">
      <Filter>Public Headers\Physics</Filter>
    </ClInclude>
  </ItemGroup>
  <ItemGroup>
    <None Include="..\..\Config\Engine.ini">
      <Filter>Config</Filter>
    </None>
    <None Include="..\Shaders\include\penner.glh">
      <Filter>Shaders\Include</Filter>
    </None>
    <None Include="..\Shaders\geometry\billboard_geometry.geom">
      <Filter>Shaders\Geometry</Filter>
    </None>
    <None Include="..\Shaders\fragment\gui_fragment.frag">
      <Filter>Shaders\Fragment</Filter>
    </None>
    <None Include="..\Shaders\fragment\phong.frag">
      <Filter>Shaders\Fragment</Filter>
    </None>
    <None Include="..\Shaders\fragment\shadow_fragment.frag">
      <Filter>Shaders\Fragment</Filter>
    </None>
    <None Include="..\Shaders\fragment\ssao.frag">
      <Filter>Shaders\Fragment</Filter>
    </None>
    <None Include="..\Shaders\fragment\ssao_blur.frag">
      <Filter>Shaders\Fragment</Filter>
    </None>
    <None Include="..\Shaders\fragment\skysphere_fragment.frag">
      <Filter>Shaders\Fragment</Filter>
    </None>
    <None Include="..\Shaders\fragment\billboard_fragment.frag">
      <Filter>Shaders\Fragment</Filter>
    </None>
    <None Include="..\Shaders\fragment\depth_fragment.frag">
      <Filter>Shaders\Fragment</Filter>
    </None>
    <None Include="..\Shaders\vertex\anim_vertex.vert">
      <Filter>Shaders\Vertex</Filter>
    </None>
    <None Include="..\Shaders\vertex\billboard_vertex.vert">
      <Filter>Shaders\Vertex</Filter>
    </None>
    <None Include="..\Shaders\vertex\depth_anim_vertex.vert">
      <Filter>Shaders\Vertex</Filter>
    </None>
    <None Include="..\Shaders\vertex\depth_terrain_vertex.vert">
      <Filter>Shaders\Vertex</Filter>
    </None>
    <None Include="..\Shaders\vertex\depth_vertex.vert">
      <Filter>Shaders\Vertex</Filter>
    </None>
    <None Include="..\Shaders\vertex\fullscreen_vertex.vert">
      <Filter>Shaders\Vertex</Filter>
    </None>
    <None Include="..\Shaders\vertex\gui_vertex.vert">
      <Filter>Shaders\Vertex</Filter>
    </None>
    <None Include="..\Shaders\vertex\shadow_anim_vertex.vert">
      <Filter>Shaders\Vertex</Filter>
    </None>
    <None Include="..\Shaders\vertex\shadow_terrain_vertex.vert">
      <Filter>Shaders\Vertex</Filter>
    </None>
    <None Include="..\Shaders\vertex\shadow_vertex.vert">
      <Filter>Shaders\Vertex</Filter>
    </None>
    <None Include="..\Shaders\vertex\skysphere_vertex.vert">
      <Filter>Shaders\Vertex</Filter>
    </None>
    <None Include="..\Shaders\vertex\terrain_vertex.vert">
      <Filter>Shaders\Vertex</Filter>
    </None>
    <None Include="..\Shaders\vertex\vertex.vert">
      <Filter>Shaders\Vertex</Filter>
    </None>
    <None Include="..\Shaders\compute\light_culling.comp">
      <Filter>Shaders\Compute</Filter>
    </None>
    <None Include="..\Shaders\pp\pp_bw.frag">
      <Filter>Shaders\Post Process</Filter>
    </None>
    <None Include="..\Shaders\pp\pp_dof.frag">
      <Filter>Shaders\Post Process</Filter>
    </None>
    <None Include="..\Shaders\pp\pp_filmgrain.frag">
      <Filter>Shaders\Post Process</Filter>
    </None>
    <None Include="..\Shaders\pp\pp_hdr.frag">
      <Filter>Shaders\Post Process</Filter>
    </None>
    <None Include="..\Shaders\pp\pp_blur.frag">
      <Filter>Shaders\Post Process</Filter>
    </None>
    <None Include="..\Shaders\include\math.glh">
      <Filter>Shaders\Include</Filter>
    </None>
    <None Include="..\Shaders\compute\particle_update.comp">
      <Filter>Shaders\Compute</Filter>
    </None>
    <None Include="..\Shaders\compute\particle_sort.comp">
      <Filter>Shaders\Compute</Filter>
    </None>
    <None Include="..\Shaders\include\random.glh">
      <Filter>Shaders\Include</Filter>
    </None>
    <None Include="..\Shaders\compute\particle_emit.comp">
      <Filter>Shaders\Compute</Filter>
    </None>
    <None Include="..\Shaders\include\particle_bindings.glh">
      <Filter>Shaders\Include</Filter>
    </None>
    <None Include="..\Shaders\include\scenedata.glh">
      <Filter>Shaders\Include</Filter>
    </None>
    <None Include="..\Shaders\include\light.glh">
      <Filter>Shaders\Include</Filter>
    </None>
    <None Include="..\Shaders\include\matrixblock.glh">
      <Filter>Shaders\Include</Filter>
    </None>
    <None Include="..\Shaders\include\animblock.glh">
      <Filter>Shaders\Include</Filter>
    </None>
    <None Include="..\Shaders\include\shadowmatrices.glh">
      <Filter>Shaders\Include</Filter>
    </None>
    <None Include="..\Shaders\include\lightbuffers.glh">
      <Filter>Shaders\Include</Filter>
    </None>
    <None Include="..\Shaders\include\anim_vertex_attribs.glh">
      <Filter>Shaders\Include</Filter>
    </None>
    <None Include="..\Shaders\include\terrain_vertex_attribs.glh">
      <Filter>Shaders\Include</Filter>
    </None>
    <None Include="..\Shaders\include\vertex_attribs.glh">
      <Filter>Shaders\Include</Filter>
    </None>
    <None Include="..\Shaders\include\shadow_pconst.glh">
      <Filter>Shaders\Include</Filter>
    </None>
    <None Include="..\Shaders\include\fs_data.glh">
      <Filter>Shaders\Include</Filter>
    </None>
    <None Include="..\Shaders\include\depth_fs_data.glh">
      <Filter>Shaders\Include</Filter>
    </None>
    <None Include="..\Shaders\include\kawase.glh">
      <Filter>Shaders\Include</Filter>
    </None>
    <None Include="..\Shaders\fragment\shadow_filter.frag">
      <Filter>Shaders\Fragment</Filter>
    </None>
    <None Include="..\Shaders\include\util.glh">
      <Filter>Shaders\Include</Filter>
    </None>
    <None Include="..\Shaders\include\normal.glh">
      <Filter>Shaders\Include</Filter>
    </None>
    <None Include="..\Shaders\fragment\bounds_fragment.frag">
      <Filter>Shaders\Fragment</Filter>
    </None>
  </ItemGroup>
  <ItemGroup>
    <ResourceCompile Include="Engine.rc">
      <Filter>Resource Files</Filter>
    </ResourceCompile>
  </ItemGroup>
</Project>