// !$*UTF8*$!
{
	archiveVersion = 1;
	classes = {
	};
	objectVersion = 46;
	objects = {

/* Begin PBXBuildFile section */
		12822AA51CC184D400EE5D0A /* tga.cpp in Sources */ = {isa = PBXBuildFile; fileRef = 12822AA31CC184D400EE5D0A /* tga.cpp */; };
		12822AA61CC184D400EE5D0A /* tga.h in Headers */ = {isa = PBXBuildFile; fileRef = 12822AA41CC184D400EE5D0A /* tga.h */; };
		12822ACD1CC19E2900EE5D0A /* nv_dds.cpp in Sources */ = {isa = PBXBuildFile; fileRef = 12822ACB1CC19E2900EE5D0A /* nv_dds.cpp */; };
		12822ACE1CC19E2900EE5D0A /* nv_dds.h in Headers */ = {isa = PBXBuildFile; fileRef = 12822ACC1CC19E2900EE5D0A /* nv_dds.h */; };
		1295DB9F1CC0F4CB003F27AB /* MGLRenderer.mm in Sources */ = {isa = PBXBuildFile; fileRef = 1295DB9E1CC0F4CB003F27AB /* MGLRenderer.mm */; };
		1295DBAE1CC0F4F1003F27AB /* RArrayBuffer.h in Headers */ = {isa = PBXBuildFile; fileRef = 1295DBA81CC0F4F1003F27AB /* RArrayBuffer.h */; };
		1295DBAF1CC0F4F1003F27AB /* RBuffer.h in Headers */ = {isa = PBXBuildFile; fileRef = 1295DBA91CC0F4F1003F27AB /* RBuffer.h */; };
		1295DBB01CC0F4F1003F27AB /* Renderer.h in Headers */ = {isa = PBXBuildFile; fileRef = 1295DBAA1CC0F4F1003F27AB /* Renderer.h */; };
		1295DBB11CC0F4F1003F27AB /* RFramebuffer.h in Headers */ = {isa = PBXBuildFile; fileRef = 1295DBAB1CC0F4F1003F27AB /* RFramebuffer.h */; };
		1295DBB21CC0F4F1003F27AB /* RShader.h in Headers */ = {isa = PBXBuildFile; fileRef = 1295DBAC1CC0F4F1003F27AB /* RShader.h */; };
		1295DBB31CC0F4F1003F27AB /* RTexture.h in Headers */ = {isa = PBXBuildFile; fileRef = 1295DBAD1CC0F4F1003F27AB /* RTexture.h */; };
		1295DBB51CC0F4F7003F27AB /* Platform.h in Headers */ = {isa = PBXBuildFile; fileRef = 1295DBB41CC0F4F7003F27AB /* Platform.h */; };
		1295DBBD1CC0F575003F27AB /* MGLArrayBuffer.mm in Sources */ = {isa = PBXBuildFile; fileRef = 1295DBBC1CC0F575003F27AB /* MGLArrayBuffer.mm */; };
		1295DBBF1CC0F582003F27AB /* MGLBuffer.mm in Sources */ = {isa = PBXBuildFile; fileRef = 1295DBBE1CC0F582003F27AB /* MGLBuffer.mm */; };
		1295DBC21CC0F58E003F27AB /* MGLFramebuffer.mm in Sources */ = {isa = PBXBuildFile; fileRef = 1295DBC01CC0F58E003F27AB /* MGLFramebuffer.mm */; };
		1295DBC61CC0F598003F27AB /* MGLShader.mm in Sources */ = {isa = PBXBuildFile; fileRef = 1295DBC41CC0F598003F27AB /* MGLShader.mm */; };
		1295DBC91CC0F5B2003F27AB /* MGLTexture.mm in Sources */ = {isa = PBXBuildFile; fileRef = 1295DBC81CC0F5B2003F27AB /* MGLTexture.mm */; };
		1295DBCB1CC0F61D003F27AB /* OpenGL.framework in Frameworks */ = {isa = PBXBuildFile; fileRef = 1295DBCA1CC0F61D003F27AB /* OpenGL.framework */; };
		1295DBCE1CC0F98F003F27AB /* renderer.mm in Sources */ = {isa = PBXBuildFile; fileRef = 1295DBCD1CC0F98F003F27AB /* renderer.mm */; };
		1295DBD01CC0FA77003F27AB /* AppKit.framework in Frameworks */ = {isa = PBXBuildFile; fileRef = 1295DBCF1CC0FA77003F27AB /* AppKit.framework */; };
/* End PBXBuildFile section */

/* Begin PBXFileReference section */
		12822AA31CC184D400EE5D0A /* tga.cpp */ = {isa = PBXFileReference; fileEncoding = 4; lastKnownFileType = sourcecode.cpp.cpp; name = tga.cpp; path = Loaders/tga.cpp; sourceTree = "<group>"; };
		12822AA41CC184D400EE5D0A /* tga.h */ = {isa = PBXFileReference; fileEncoding = 4; lastKnownFileType = sourcecode.c.h; name = tga.h; path = Loaders/tga.h; sourceTree = "<group>"; };
		12822ACB1CC19E2900EE5D0A /* nv_dds.cpp */ = {isa = PBXFileReference; fileEncoding = 4; lastKnownFileType = sourcecode.cpp.cpp; name = nv_dds.cpp; path = Loaders/nv_dds.cpp; sourceTree = "<group>"; };
		12822ACC1CC19E2900EE5D0A /* nv_dds.h */ = {isa = PBXFileReference; fileEncoding = 4; lastKnownFileType = sourcecode.c.h; name = nv_dds.h; path = Loaders/nv_dds.h; sourceTree = "<group>"; };
		1295DB991CC0F4CB003F27AB /* libMacGLRenderer.dylib */ = {isa = PBXFileReference; explicitFileType = "compiled.mach-o.dylib"; includeInIndex = 0; path = libMacGLRenderer.dylib; sourceTree = BUILT_PRODUCTS_DIR; };
		1295DB9E1CC0F4CB003F27AB /* MGLRenderer.mm */ = {isa = PBXFileReference; lastKnownFileType = sourcecode.cpp.objcpp; path = MGLRenderer.mm; sourceTree = "<group>"; };
		1295DBA81CC0F4F1003F27AB /* RArrayBuffer.h */ = {isa = PBXFileReference; fileEncoding = 4; lastKnownFileType = sourcecode.c.h; name = RArrayBuffer.h; path = ../Include/Renderer/RArrayBuffer.h; sourceTree = "<group>"; };
		1295DBA91CC0F4F1003F27AB /* RBuffer.h */ = {isa = PBXFileReference; fileEncoding = 4; lastKnownFileType = sourcecode.c.h; name = RBuffer.h; path = ../Include/Renderer/RBuffer.h; sourceTree = "<group>"; };
		1295DBAA1CC0F4F1003F27AB /* Renderer.h */ = {isa = PBXFileReference; fileEncoding = 4; lastKnownFileType = sourcecode.c.h; name = Renderer.h; path = ../Include/Renderer/Renderer.h; sourceTree = "<group>"; };
		1295DBAB1CC0F4F1003F27AB /* RFramebuffer.h */ = {isa = PBXFileReference; fileEncoding = 4; lastKnownFileType = sourcecode.c.h; name = RFramebuffer.h; path = ../Include/Renderer/RFramebuffer.h; sourceTree = "<group>"; };
		1295DBAC1CC0F4F1003F27AB /* RShader.h */ = {isa = PBXFileReference; fileEncoding = 4; lastKnownFileType = sourcecode.c.h; name = RShader.h; path = ../Include/Renderer/RShader.h; sourceTree = "<group>"; };
		1295DBAD1CC0F4F1003F27AB /* RTexture.h */ = {isa = PBXFileReference; fileEncoding = 4; lastKnownFileType = sourcecode.c.h; name = RTexture.h; path = ../Include/Renderer/RTexture.h; sourceTree = "<group>"; };
		1295DBB41CC0F4F7003F27AB /* Platform.h */ = {isa = PBXFileReference; fileEncoding = 4; lastKnownFileType = sourcecode.c.h; name = Platform.h; path = ../Include/Platform/Platform.h; sourceTree = "<group>"; };
		1295DBB61CC0F513003F27AB /* MGLArrayBuffer.h */ = {isa = PBXFileReference; lastKnownFileType = sourcecode.c.h; path = MGLArrayBuffer.h; sourceTree = "<group>"; };
		1295DBB71CC0F520003F27AB /* MGLBuffer.h */ = {isa = PBXFileReference; lastKnownFileType = sourcecode.c.h; path = MGLBuffer.h; sourceTree = "<group>"; };
		1295DBB81CC0F532003F27AB /* MGLFramebuffer.h */ = {isa = PBXFileReference; lastKnownFileType = sourcecode.c.h; path = MGLFramebuffer.h; sourceTree = "<group>"; };
		1295DBB91CC0F53A003F27AB /* MGLShader.h */ = {isa = PBXFileReference; lastKnownFileType = sourcecode.c.h; path = MGLShader.h; sourceTree = "<group>"; };
		1295DBBA1CC0F542003F27AB /* MGLTexture.h */ = {isa = PBXFileReference; lastKnownFileType = sourcecode.c.h; path = MGLTexture.h; sourceTree = "<group>"; };
		1295DBBB1CC0F554003F27AB /* MGLRenderer.h */ = {isa = PBXFileReference; lastKnownFileType = sourcecode.c.h; path = MGLRenderer.h; sourceTree = "<group>"; };
		1295DBBC1CC0F575003F27AB /* MGLArrayBuffer.mm */ = {isa = PBXFileReference; fileEncoding = 4; lastKnownFileType = sourcecode.cpp.objcpp; path = MGLArrayBuffer.mm; sourceTree = "<group>"; };
		1295DBBE1CC0F582003F27AB /* MGLBuffer.mm */ = {isa = PBXFileReference; fileEncoding = 4; lastKnownFileType = sourcecode.cpp.objcpp; path = MGLBuffer.mm; sourceTree = "<group>"; };
		1295DBC01CC0F58E003F27AB /* MGLFramebuffer.mm */ = {isa = PBXFileReference; fileEncoding = 4; lastKnownFileType = sourcecode.cpp.objcpp; path = MGLFramebuffer.mm; sourceTree = "<group>"; };
		1295DBC41CC0F598003F27AB /* MGLShader.mm */ = {isa = PBXFileReference; fileEncoding = 4; lastKnownFileType = sourcecode.cpp.objcpp; path = MGLShader.mm; sourceTree = "<group>"; };
		1295DBC81CC0F5B2003F27AB /* MGLTexture.mm */ = {isa = PBXFileReference; fileEncoding = 4; lastKnownFileType = sourcecode.cpp.objcpp; path = MGLTexture.mm; sourceTree = "<group>"; };
		1295DBCA1CC0F61D003F27AB /* OpenGL.framework */ = {isa = PBXFileReference; lastKnownFileType = wrapper.framework; name = OpenGL.framework; path = System/Library/Frameworks/OpenGL.framework; sourceTree = SDKROOT; };
		1295DBCD1CC0F98F003F27AB /* renderer.mm */ = {isa = PBXFileReference; fileEncoding = 4; lastKnownFileType = sourcecode.cpp.objcpp; path = renderer.mm; sourceTree = "<group>"; };
		1295DBCF1CC0FA77003F27AB /* AppKit.framework */ = {isa = PBXFileReference; lastKnownFileType = wrapper.framework; name = AppKit.framework; path = System/Library/Frameworks/AppKit.framework; sourceTree = SDKROOT; };
/* End PBXFileReference section */

/* Begin PBXFrameworksBuildPhase section */
		1295DB961CC0F4CB003F27AB /* Frameworks */ = {
			isa = PBXFrameworksBuildPhase;
			buildActionMask = 2147483647;
			files = (
				1295DBD01CC0FA77003F27AB /* AppKit.framework in Frameworks */,
				1295DBCB1CC0F61D003F27AB /* OpenGL.framework in Frameworks */,
			);
			runOnlyForDeploymentPostprocessing = 0;
		};
/* End PBXFrameworksBuildPhase section */

/* Begin PBXGroup section */
		12822AA21CC1845E00EE5D0A /* Loaders */ = {
			isa = PBXGroup;
			children = (
				12822ACB1CC19E2900EE5D0A /* nv_dds.cpp */,
				12822ACC1CC19E2900EE5D0A /* nv_dds.h */,
				12822AA31CC184D400EE5D0A /* tga.cpp */,
				12822AA41CC184D400EE5D0A /* tga.h */,
			);
			name = Loaders;
			sourceTree = "<group>";
		};
		1295DB901CC0F4CB003F27AB = {
			isa = PBXGroup;
			children = (
				1295DBA51CC0F4DC003F27AB /* Include */,
				1295DB9B1CC0F4CB003F27AB /* MacGLRenderer */,
				1295DBCC1CC0F620003F27AB /* Frameworks */,
				1295DB9A1CC0F4CB003F27AB /* Products */,
			);
			sourceTree = "<group>";
		};
		1295DB9A1CC0F4CB003F27AB /* Products */ = {
			isa = PBXGroup;
			children = (
				1295DB991CC0F4CB003F27AB /* libMacGLRenderer.dylib */,
			);
			name = Products;
			sourceTree = "<group>";
		};
		1295DB9B1CC0F4CB003F27AB /* MacGLRenderer */ = {
			isa = PBXGroup;
			children = (
				12822AA21CC1845E00EE5D0A /* Loaders */,
				1295DBB61CC0F513003F27AB /* MGLArrayBuffer.h */,
				1295DBB71CC0F520003F27AB /* MGLBuffer.h */,
				1295DBBB1CC0F554003F27AB /* MGLRenderer.h */,
				1295DBB81CC0F532003F27AB /* MGLFramebuffer.h */,
				1295DBB91CC0F53A003F27AB /* MGLShader.h */,
				1295DBBA1CC0F542003F27AB /* MGLTexture.h */,
				1295DBBC1CC0F575003F27AB /* MGLArrayBuffer.mm */,
				1295DBBE1CC0F582003F27AB /* MGLBuffer.mm */,
				1295DB9E1CC0F4CB003F27AB /* MGLRenderer.mm */,
				1295DBC01CC0F58E003F27AB /* MGLFramebuffer.mm */,
				1295DBC41CC0F598003F27AB /* MGLShader.mm */,
				1295DBC81CC0F5B2003F27AB /* MGLTexture.mm */,
				1295DBCD1CC0F98F003F27AB /* renderer.mm */,
			);
			path = MacGLRenderer;
			sourceTree = "<group>";
		};
		1295DBA51CC0F4DC003F27AB /* Include */ = {
			isa = PBXGroup;
			children = (
				1295DBA71CC0F4E7003F27AB /* Platform */,
				1295DBA61CC0F4E2003F27AB /* Renderer */,
			);
			name = Include;
			sourceTree = "<group>";
		};
		1295DBA61CC0F4E2003F27AB /* Renderer */ = {
			isa = PBXGroup;
			children = (
				1295DBA81CC0F4F1003F27AB /* RArrayBuffer.h */,
				1295DBA91CC0F4F1003F27AB /* RBuffer.h */,
				1295DBAA1CC0F4F1003F27AB /* Renderer.h */,
				1295DBAB1CC0F4F1003F27AB /* RFramebuffer.h */,
				1295DBAC1CC0F4F1003F27AB /* RShader.h */,
				1295DBAD1CC0F4F1003F27AB /* RTexture.h */,
			);
			name = Renderer;
			sourceTree = "<group>";
		};
		1295DBA71CC0F4E7003F27AB /* Platform */ = {
			isa = PBXGroup;
			children = (
				1295DBB41CC0F4F7003F27AB /* Platform.h */,
			);
			name = Platform;
			sourceTree = "<group>";
		};
		1295DBCC1CC0F620003F27AB /* Frameworks */ = {
			isa = PBXGroup;
			children = (
				1295DBCF1CC0FA77003F27AB /* AppKit.framework */,
				1295DBCA1CC0F61D003F27AB /* OpenGL.framework */,
			);
			name = Frameworks;
			sourceTree = "<group>";
		};
/* End PBXGroup section */

/* Begin PBXHeadersBuildPhase section */
		1295DB971CC0F4CB003F27AB /* Headers */ = {
			isa = PBXHeadersBuildPhase;
			buildActionMask = 2147483647;
			files = (
				1295DBAE1CC0F4F1003F27AB /* RArrayBuffer.h in Headers */,
				1295DBB51CC0F4F7003F27AB /* Platform.h in Headers */,
				1295DBB01CC0F4F1003F27AB /* Renderer.h in Headers */,
				1295DBAF1CC0F4F1003F27AB /* RBuffer.h in Headers */,
				1295DBB21CC0F4F1003F27AB /* RShader.h in Headers */,
				1295DBB11CC0F4F1003F27AB /* RFramebuffer.h in Headers */,
				12822ACE1CC19E2900EE5D0A /* nv_dds.h in Headers */,
				1295DBB31CC0F4F1003F27AB /* RTexture.h in Headers */,
				12822AA61CC184D400EE5D0A /* tga.h in Headers */,
			);
			runOnlyForDeploymentPostprocessing = 0;
		};
/* End PBXHeadersBuildPhase section */

/* Begin PBXNativeTarget section */
		1295DB981CC0F4CB003F27AB /* MacGLRenderer */ = {
			isa = PBXNativeTarget;
			buildConfigurationList = 1295DBA21CC0F4CB003F27AB /* Build configuration list for PBXNativeTarget "MacGLRenderer" */;
			buildPhases = (
				1295DB951CC0F4CB003F27AB /* Sources */,
				1295DB961CC0F4CB003F27AB /* Frameworks */,
				1295DB971CC0F4CB003F27AB /* Headers */,
			);
			buildRules = (
			);
			dependencies = (
			);
			name = MacGLRenderer;
			productName = MacGLRenderer;
			productReference = 1295DB991CC0F4CB003F27AB /* libMacGLRenderer.dylib */;
			productType = "com.apple.product-type.library.dynamic";
		};
/* End PBXNativeTarget section */

/* Begin PBXProject section */
		1295DB911CC0F4CB003F27AB /* Project object */ = {
			isa = PBXProject;
			attributes = {
				LastUpgradeCheck = 0730;
				ORGANIZATIONNAME = "Alexandru Naiman";
				TargetAttributes = {
					1295DB981CC0F4CB003F27AB = {
						CreatedOnToolsVersion = 7.3;
					};
				};
			};
			buildConfigurationList = 1295DB941CC0F4CB003F27AB /* Build configuration list for PBXProject "MacGLRenderer" */;
			compatibilityVersion = "Xcode 3.2";
			developmentRegion = English;
			hasScannedForEncodings = 0;
			knownRegions = (
				en,
			);
			mainGroup = 1295DB901CC0F4CB003F27AB;
			productRefGroup = 1295DB9A1CC0F4CB003F27AB /* Products */;
			projectDirPath = "";
			projectRoot = "";
			targets = (
				1295DB981CC0F4CB003F27AB /* MacGLRenderer */,
			);
		};
/* End PBXProject section */

/* Begin PBXSourcesBuildPhase section */
		1295DB951CC0F4CB003F27AB /* Sources */ = {
			isa = PBXSourcesBuildPhase;
			buildActionMask = 2147483647;
			files = (
				1295DBC21CC0F58E003F27AB /* MGLFramebuffer.mm in Sources */,
				1295DBBF1CC0F582003F27AB /* MGLBuffer.mm in Sources */,
				1295DBC91CC0F5B2003F27AB /* MGLTexture.mm in Sources */,
				12822ACD1CC19E2900EE5D0A /* nv_dds.cpp in Sources */,
				1295DBBD1CC0F575003F27AB /* MGLArrayBuffer.mm in Sources */,
				12822AA51CC184D400EE5D0A /* tga.cpp in Sources */,
				1295DBC61CC0F598003F27AB /* MGLShader.mm in Sources */,
				1295DBCE1CC0F98F003F27AB /* renderer.mm in Sources */,
				1295DB9F1CC0F4CB003F27AB /* MGLRenderer.mm in Sources */,
			);
			runOnlyForDeploymentPostprocessing = 0;
		};
/* End PBXSourcesBuildPhase section */

/* Begin XCBuildConfiguration section */
		1295DBA01CC0F4CB003F27AB /* Debug */ = {
			isa = XCBuildConfiguration;
			buildSettings = {
				ALWAYS_SEARCH_USER_PATHS = NO;
				CLANG_ANALYZER_NONNULL = YES;
				CLANG_CXX_LANGUAGE_STANDARD = "gnu++0x";
				CLANG_CXX_LIBRARY = "libc++";
				CLANG_ENABLE_MODULES = YES;
				CLANG_ENABLE_OBJC_ARC = YES;
				CLANG_WARN_BOOL_CONVERSION = YES;
				CLANG_WARN_CONSTANT_CONVERSION = YES;
				CLANG_WARN_DIRECT_OBJC_ISA_USAGE = YES_ERROR;
				CLANG_WARN_EMPTY_BODY = YES;
				CLANG_WARN_ENUM_CONVERSION = YES;
				CLANG_WARN_INT_CONVERSION = YES;
				CLANG_WARN_OBJC_ROOT_CLASS = YES_ERROR;
				CLANG_WARN_UNREACHABLE_CODE = YES;
				CLANG_WARN__DUPLICATE_METHOD_MATCH = YES;
				CODE_SIGN_IDENTITY = "-";
				COPY_PHASE_STRIP = NO;
				DEBUG_INFORMATION_FORMAT = dwarf;
				ENABLE_STRICT_OBJC_MSGSEND = YES;
				ENABLE_TESTABILITY = YES;
				GCC_C_LANGUAGE_STANDARD = gnu99;
				GCC_DYNAMIC_NO_PIC = NO;
				GCC_NO_COMMON_BLOCKS = YES;
				GCC_OPTIMIZATION_LEVEL = 0;
				GCC_PREPROCESSOR_DEFINITIONS = (
					"DEBUG=1",
					"$(inherited)",
				);
				GCC_WARN_64_TO_32_BIT_CONVERSION = YES;
				GCC_WARN_ABOUT_RETURN_TYPE = YES_ERROR;
				GCC_WARN_UNDECLARED_SELECTOR = YES;
				GCC_WARN_UNINITIALIZED_AUTOS = YES_AGGRESSIVE;
				GCC_WARN_UNUSED_FUNCTION = YES;
				GCC_WARN_UNUSED_VARIABLE = YES;
				HEADER_SEARCH_PATHS = (
					/usr/local/include,
					"\"$(SRCROOT)/../Include\"",
				);
				MACOSX_DEPLOYMENT_TARGET = 10.11;
				MTL_ENABLE_DEBUG_INFO = YES;
				ONLY_ACTIVE_ARCH = YES;
				SDKROOT = macosx;
			};
			name = Debug;
		};
		1295DBA11CC0F4CB003F27AB /* Release */ = {
			isa = XCBuildConfiguration;
			buildSettings = {
				ALWAYS_SEARCH_USER_PATHS = NO;
				CLANG_ANALYZER_NONNULL = YES;
				CLANG_CXX_LANGUAGE_STANDARD = "gnu++0x";
				CLANG_CXX_LIBRARY = "libc++";
				CLANG_ENABLE_MODULES = YES;
				CLANG_ENABLE_OBJC_ARC = YES;
				CLANG_WARN_BOOL_CONVERSION = YES;
				CLANG_WARN_CONSTANT_CONVERSION = YES;
				CLANG_WARN_DIRECT_OBJC_ISA_USAGE = YES_ERROR;
				CLANG_WARN_EMPTY_BODY = YES;
				CLANG_WARN_ENUM_CONVERSION = YES;
				CLANG_WARN_INT_CONVERSION = YES;
				CLANG_WARN_OBJC_ROOT_CLASS = YES_ERROR;
				CLANG_WARN_UNREACHABLE_CODE = YES;
				CLANG_WARN__DUPLICATE_METHOD_MATCH = YES;
				CODE_SIGN_IDENTITY = "-";
				COPY_PHASE_STRIP = NO;
				DEBUG_INFORMATION_FORMAT = "dwarf-with-dsym";
				ENABLE_NS_ASSERTIONS = NO;
				ENABLE_STRICT_OBJC_MSGSEND = YES;
				GCC_C_LANGUAGE_STANDARD = gnu99;
				GCC_NO_COMMON_BLOCKS = YES;
				GCC_WARN_64_TO_32_BIT_CONVERSION = YES;
				GCC_WARN_ABOUT_RETURN_TYPE = YES_ERROR;
				GCC_WARN_UNDECLARED_SELECTOR = YES;
				GCC_WARN_UNINITIALIZED_AUTOS = YES_AGGRESSIVE;
				GCC_WARN_UNUSED_FUNCTION = YES;
				GCC_WARN_UNUSED_VARIABLE = YES;
				HEADER_SEARCH_PATHS = (
					/usr/local/include,
					"\"$(SRCROOT)/../Include\"",
				);
				MACOSX_DEPLOYMENT_TARGET = 10.11;
				MTL_ENABLE_DEBUG_INFO = NO;
				SDKROOT = macosx;
			};
			name = Release;
		};
		1295DBA31CC0F4CB003F27AB /* Debug */ = {
			isa = XCBuildConfiguration;
			buildSettings = {
				DYLIB_COMPATIBILITY_VERSION = 1;
				DYLIB_CURRENT_VERSION = 1;
				EXECUTABLE_PREFIX = lib;
				HEADER_SEARCH_PATHS = "\"$(SRCROOT)/../Include\"";
				MACOSX_DEPLOYMENT_TARGET = 10.11;
				PRODUCT_MODULE_NAME = MacGLRenderer;
				PRODUCT_NAME = MacGLRenderer;
			};
			name = Debug;
		};
		1295DBA41CC0F4CB003F27AB /* Release */ = {
			isa = XCBuildConfiguration;
			buildSettings = {
				DYLIB_COMPATIBILITY_VERSION = 1;
				DYLIB_CURRENT_VERSION = 1;
				EXECUTABLE_PREFIX = lib;
				HEADER_SEARCH_PATHS = "\"$(SRCROOT)/../Include\"";
				MACOSX_DEPLOYMENT_TARGET = 10.11;
				PRODUCT_MODULE_NAME = MacGLRenderer;
				PRODUCT_NAME = MacGLRenderer;
			};
			name = Release;
		};
/* End XCBuildConfiguration section */

/* Begin XCConfigurationList section */
		1295DB941CC0F4CB003F27AB /* Build configuration list for PBXProject "MacGLRenderer" */ = {
			isa = XCConfigurationList;
			buildConfigurations = (
				1295DBA01CC0F4CB003F27AB /* Debug */,
				1295DBA11CC0F4CB003F27AB /* Release */,
			);
			defaultConfigurationIsVisible = 0;
			defaultConfigurationName = Release;
		};
		1295DBA21CC0F4CB003F27AB /* Build configuration list for PBXNativeTarget "MacGLRenderer" */ = {
			isa = XCConfigurationList;
			buildConfigurations = (
				1295DBA31CC0F4CB003F27AB /* Debug */,
				1295DBA41CC0F4CB003F27AB /* Release */,
			);
			defaultConfigurationIsVisible = 0;
			defaultConfigurationName = Release;
		};
/* End XCConfigurationList section */
	};
	rootObject = 1295DB911CC0F4CB003F27AB /* Project object */;
}
