// !$*UTF8*$!
{
	archiveVersion = 1;
	classes = {
	};
	objectVersion = 46;
	objects = {

/* Begin PBXBuildFile section */
		127DF8C31CCB8435005F2693 /* AppDelegate.mm in Sources */ = {isa = PBXBuildFile; fileRef = 127DF8C21CCB8435005F2693 /* AppDelegate.mm */; };
		127DF8C61CCB8435005F2693 /* main.m in Sources */ = {isa = PBXBuildFile; fileRef = 127DF8C51CCB8435005F2693 /* main.m */; };
		127DF8C81CCB8435005F2693 /* Assets.xcassets in Resources */ = {isa = PBXBuildFile; fileRef = 127DF8C71CCB8435005F2693 /* Assets.xcassets */; };
		127DF8CB1CCB8435005F2693 /* MainMenu.xib in Resources */ = {isa = PBXBuildFile; fileRef = 127DF8C91CCB8435005F2693 /* MainMenu.xib */; };
		127DF8DD1CCB8914005F2693 /* NMesh.mm in Sources */ = {isa = PBXBuildFile; fileRef = 127DF8DC1CCB8914005F2693 /* NMesh.mm */; };
		127DF8EF1CCB9547005F2693 /* libz.tbd in Frameworks */ = {isa = PBXBuildFile; fileRef = 127DF8EE1CCB9547005F2693 /* libz.tbd */; };
		127DF8F21CCBB04C005F2693 /* AssimpConverter.mm in Sources */ = {isa = PBXBuildFile; fileRef = 127DF8F11CCBB04C005F2693 /* AssimpConverter.mm */; };
		127DF8F41CCC17B3005F2693 /* libassimp.3.2.0.dylib in Frameworks */ = {isa = PBXBuildFile; fileRef = 127DF8F31CCC17B3005F2693 /* libassimp.3.2.0.dylib */; };
		127DF8F51CCC17E4005F2693 /* libassimp.3.2.0.dylib in CopyFiles */ = {isa = PBXBuildFile; fileRef = 127DF8F31CCC17B3005F2693 /* libassimp.3.2.0.dylib */; settings = {ATTRIBUTES = (CodeSignOnCopy, ); }; };
		12ECE5D71CEFBDEE004F3697 /* NAnim.mm in Sources */ = {isa = PBXBuildFile; fileRef = 12ECE5D61CEFBDEE004F3697 /* NAnim.mm */; };
/* End PBXBuildFile section */

/* Begin PBXCopyFilesBuildPhase section */
		127DF8D61CCB8548005F2693 /* CopyFiles */ = {
			isa = PBXCopyFilesBuildPhase;
			buildActionMask = 2147483647;
			dstPath = "";
			dstSubfolderSpec = 6;
			files = (
				127DF8F51CCC17E4005F2693 /* libassimp.3.2.0.dylib in CopyFiles */,
			);
			runOnlyForDeploymentPostprocessing = 0;
		};
/* End PBXCopyFilesBuildPhase section */

/* Begin PBXFileReference section */
		127DF8BE1CCB8435005F2693 /* ModelConverter.app */ = {isa = PBXFileReference; explicitFileType = wrapper.application; includeInIndex = 0; path = ModelConverter.app; sourceTree = BUILT_PRODUCTS_DIR; };
		127DF8C11CCB8435005F2693 /* AppDelegate.h */ = {isa = PBXFileReference; lastKnownFileType = sourcecode.c.h; path = AppDelegate.h; sourceTree = "<group>"; };
		127DF8C21CCB8435005F2693 /* AppDelegate.mm */ = {isa = PBXFileReference; lastKnownFileType = sourcecode.cpp.objcpp; path = AppDelegate.mm; sourceTree = "<group>"; };
		127DF8C51CCB8435005F2693 /* main.m */ = {isa = PBXFileReference; lastKnownFileType = sourcecode.c.objc; path = main.m; sourceTree = "<group>"; };
		127DF8C71CCB8435005F2693 /* Assets.xcassets */ = {isa = PBXFileReference; lastKnownFileType = folder.assetcatalog; path = Assets.xcassets; sourceTree = "<group>"; };
		127DF8CA1CCB8435005F2693 /* Base */ = {isa = PBXFileReference; lastKnownFileType = file.xib; name = Base; path = Base.lproj/MainMenu.xib; sourceTree = "<group>"; };
		127DF8CC1CCB8435005F2693 /* Info.plist */ = {isa = PBXFileReference; lastKnownFileType = text.plist.xml; path = Info.plist; sourceTree = "<group>"; };
		127DF8DB1CCB8914005F2693 /* NMesh.h */ = {isa = PBXFileReference; fileEncoding = 4; lastKnownFileType = sourcecode.c.h; path = NMesh.h; sourceTree = "<group>"; };
		127DF8DC1CCB8914005F2693 /* NMesh.mm */ = {isa = PBXFileReference; fileEncoding = 4; lastKnownFileType = sourcecode.cpp.objcpp; path = NMesh.mm; sourceTree = "<group>"; };
		127DF8EE1CCB9547005F2693 /* libz.tbd */ = {isa = PBXFileReference; lastKnownFileType = "sourcecode.text-based-dylib-definition"; name = libz.tbd; path = usr/lib/libz.tbd; sourceTree = SDKROOT; };
		127DF8F01CCBB04C005F2693 /* AssimpConverter.h */ = {isa = PBXFileReference; fileEncoding = 4; lastKnownFileType = sourcecode.c.h; path = AssimpConverter.h; sourceTree = "<group>"; };
		127DF8F11CCBB04C005F2693 /* AssimpConverter.mm */ = {isa = PBXFileReference; fileEncoding = 4; lastKnownFileType = sourcecode.cpp.objcpp; path = AssimpConverter.mm; sourceTree = "<group>"; };
		127DF8F31CCC17B3005F2693 /* libassimp.3.2.0.dylib */ = {isa = PBXFileReference; lastKnownFileType = "compiled.mach-o.dylib"; name = libassimp.3.2.0.dylib; path = /usr/local/Cellar/assimp/3.2/lib/libassimp.3.2.0.dylib; sourceTree = "<absolute>"; };
		12ECE5D51CEFBDEE004F3697 /* NAnim.h */ = {isa = PBXFileReference; fileEncoding = 4; lastKnownFileType = sourcecode.c.h; path = NAnim.h; sourceTree = "<group>"; };
		12ECE5D61CEFBDEE004F3697 /* NAnim.mm */ = {isa = PBXFileReference; fileEncoding = 4; lastKnownFileType = sourcecode.cpp.objcpp; path = NAnim.mm; sourceTree = "<group>"; };
/* End PBXFileReference section */

/* Begin PBXFrameworksBuildPhase section */
		127DF8BB1CCB8435005F2693 /* Frameworks */ = {
			isa = PBXFrameworksBuildPhase;
			buildActionMask = 2147483647;
			files = (
				127DF8F41CCC17B3005F2693 /* libassimp.3.2.0.dylib in Frameworks */,
				127DF8EF1CCB9547005F2693 /* libz.tbd in Frameworks */,
			);
			runOnlyForDeploymentPostprocessing = 0;
		};
/* End PBXFrameworksBuildPhase section */

/* Begin PBXGroup section */
		127DF8B51CCB8435005F2693 = {
			isa = PBXGroup;
			children = (
				127DF8C01CCB8435005F2693 /* ModelConverter */,
				127DF8F61CCC17F4005F2693 /* Frameworks */,
				127DF8BF1CCB8435005F2693 /* Products */,
			);
			sourceTree = "<group>";
		};
		127DF8BF1CCB8435005F2693 /* Products */ = {
			isa = PBXGroup;
			children = (
				127DF8BE1CCB8435005F2693 /* ModelConverter.app */,
			);
			name = Products;
			sourceTree = "<group>";
		};
		127DF8C01CCB8435005F2693 /* ModelConverter */ = {
			isa = PBXGroup;
			children = (
				127DF8F01CCBB04C005F2693 /* AssimpConverter.h */,
				127DF8F11CCBB04C005F2693 /* AssimpConverter.mm */,
				127DF8C11CCB8435005F2693 /* AppDelegate.h */,
				127DF8C21CCB8435005F2693 /* AppDelegate.mm */,
				127DF8C71CCB8435005F2693 /* Assets.xcassets */,
				127DF8C91CCB8435005F2693 /* MainMenu.xib */,
				127DF8CC1CCB8435005F2693 /* Info.plist */,
				127DF8C41CCB8435005F2693 /* Supporting Files */,
				127DF8DB1CCB8914005F2693 /* NMesh.h */,
				127DF8DC1CCB8914005F2693 /* NMesh.mm */,
				12ECE5D51CEFBDEE004F3697 /* NAnim.h */,
				12ECE5D61CEFBDEE004F3697 /* NAnim.mm */,
			);
			path = ModelConverter;
			sourceTree = "<group>";
		};
		127DF8C41CCB8435005F2693 /* Supporting Files */ = {
			isa = PBXGroup;
			children = (
				127DF8C51CCB8435005F2693 /* main.m */,
			);
			name = "Supporting Files";
			sourceTree = "<group>";
		};
		127DF8F61CCC17F4005F2693 /* Frameworks */ = {
			isa = PBXGroup;
			children = (
				127DF8F31CCC17B3005F2693 /* libassimp.3.2.0.dylib */,
				127DF8EE1CCB9547005F2693 /* libz.tbd */,
			);
			name = Frameworks;
			sourceTree = "<group>";
		};
/* End PBXGroup section */

/* Begin PBXNativeTarget section */
		127DF8BD1CCB8435005F2693 /* ModelConverter */ = {
			isa = PBXNativeTarget;
			buildConfigurationList = 127DF8CF1CCB8435005F2693 /* Build configuration list for PBXNativeTarget "ModelConverter" */;
			buildPhases = (
				127DF8BA1CCB8435005F2693 /* Sources */,
				127DF8BB1CCB8435005F2693 /* Frameworks */,
				127DF8BC1CCB8435005F2693 /* Resources */,
				127DF8D61CCB8548005F2693 /* CopyFiles */,
			);
			buildRules = (
			);
			dependencies = (
			);
			name = ModelConverter;
			productName = ModelConverter;
			productReference = 127DF8BE1CCB8435005F2693 /* ModelConverter.app */;
			productType = "com.apple.product-type.application";
		};
/* End PBXNativeTarget section */

/* Begin PBXProject section */
		127DF8B61CCB8435005F2693 /* Project object */ = {
			isa = PBXProject;
			attributes = {
				LastUpgradeCheck = 0730;
				ORGANIZATIONNAME = "Alexandru Naiman";
				TargetAttributes = {
					127DF8BD1CCB8435005F2693 = {
						CreatedOnToolsVersion = 7.3;
					};
				};
			};
			buildConfigurationList = 127DF8B91CCB8435005F2693 /* Build configuration list for PBXProject "ModelConverter" */;
			compatibilityVersion = "Xcode 3.2";
			developmentRegion = English;
			hasScannedForEncodings = 0;
			knownRegions = (
				en,
				Base,
			);
			mainGroup = 127DF8B51CCB8435005F2693;
			productRefGroup = 127DF8BF1CCB8435005F2693 /* Products */;
			projectDirPath = "";
			projectRoot = "";
			targets = (
				127DF8BD1CCB8435005F2693 /* ModelConverter */,
			);
		};
/* End PBXProject section */

/* Begin PBXResourcesBuildPhase section */
		127DF8BC1CCB8435005F2693 /* Resources */ = {
			isa = PBXResourcesBuildPhase;
			buildActionMask = 2147483647;
			files = (
				127DF8C81CCB8435005F2693 /* Assets.xcassets in Resources */,
				127DF8CB1CCB8435005F2693 /* MainMenu.xib in Resources */,
			);
			runOnlyForDeploymentPostprocessing = 0;
		};
/* End PBXResourcesBuildPhase section */

/* Begin PBXSourcesBuildPhase section */
		127DF8BA1CCB8435005F2693 /* Sources */ = {
			isa = PBXSourcesBuildPhase;
			buildActionMask = 2147483647;
			files = (
				127DF8C61CCB8435005F2693 /* main.m in Sources */,
				12ECE5D71CEFBDEE004F3697 /* NAnim.mm in Sources */,
				127DF8F21CCBB04C005F2693 /* AssimpConverter.mm in Sources */,
				127DF8C31CCB8435005F2693 /* AppDelegate.mm in Sources */,
				127DF8DD1CCB8914005F2693 /* NMesh.mm in Sources */,
			);
			runOnlyForDeploymentPostprocessing = 0;
		};
/* End PBXSourcesBuildPhase section */

/* Begin PBXVariantGroup section */
		127DF8C91CCB8435005F2693 /* MainMenu.xib */ = {
			isa = PBXVariantGroup;
			children = (
				127DF8CA1CCB8435005F2693 /* Base */,
			);
			name = MainMenu.xib;
			sourceTree = "<group>";
		};
/* End PBXVariantGroup section */

/* Begin XCBuildConfiguration section */
		127DF8CD1CCB8435005F2693 /* Debug */ = {
			isa = XCBuildConfiguration;
			buildSettings = {
				ALWAYS_SEARCH_USER_PATHS = NO;
				CLANG_ANALYZER_NONNULL = YES;
				CLANG_CXX_LANGUAGE_STANDARD = "gnu++0x";
				CLANG_CXX_LIBRARY = "libc++";
				CLANG_ENABLE_MODULES = YES;
				CLANG_ENABLE_OBJC_ARC = YES;
				CLANG_WARN_BOOL_CONVERSION = YES;
				CLANG_WARN_CONSTANT_CONVERSION = YES;
				CLANG_WARN_DIRECT_OBJC_ISA_USAGE = YES_ERROR;
				CLANG_WARN_EMPTY_BODY = YES;
				CLANG_WARN_ENUM_CONVERSION = YES;
				CLANG_WARN_INT_CONVERSION = YES;
				CLANG_WARN_OBJC_ROOT_CLASS = YES_ERROR;
				CLANG_WARN_UNREACHABLE_CODE = YES;
				CLANG_WARN__DUPLICATE_METHOD_MATCH = YES;
				CODE_SIGN_IDENTITY = "-";
				COPY_PHASE_STRIP = NO;
				DEBUG_INFORMATION_FORMAT = dwarf;
				ENABLE_STRICT_OBJC_MSGSEND = YES;
				ENABLE_TESTABILITY = YES;
				GCC_C_LANGUAGE_STANDARD = gnu99;
				GCC_DYNAMIC_NO_PIC = NO;
				GCC_NO_COMMON_BLOCKS = YES;
				GCC_OPTIMIZATION_LEVEL = 0;
				GCC_PREPROCESSOR_DEFINITIONS = (
					"DEBUG=1",
					"$(inherited)",
				);
				GCC_WARN_64_TO_32_BIT_CONVERSION = YES;
				GCC_WARN_ABOUT_RETURN_TYPE = YES_ERROR;
				GCC_WARN_UNDECLARED_SELECTOR = YES;
				GCC_WARN_UNINITIALIZED_AUTOS = YES_AGGRESSIVE;
				GCC_WARN_UNUSED_FUNCTION = YES;
				GCC_WARN_UNUSED_VARIABLE = YES;
				MACOSX_DEPLOYMENT_TARGET = 10.11;
				MTL_ENABLE_DEBUG_INFO = YES;
				ONLY_ACTIVE_ARCH = YES;
				SDKROOT = macosx;
			};
			name = Debug;
		};
		127DF8CE1CCB8435005F2693 /* Release */ = {
			isa = XCBuildConfiguration;
			buildSettings = {
				ALWAYS_SEARCH_USER_PATHS = NO;
				CLANG_ANALYZER_NONNULL = YES;
				CLANG_CXX_LANGUAGE_STANDARD = "gnu++0x";
				CLANG_CXX_LIBRARY = "libc++";
				CLANG_ENABLE_MODULES = YES;
				CLANG_ENABLE_OBJC_ARC = YES;
				CLANG_WARN_BOOL_CONVERSION = YES;
				CLANG_WARN_CONSTANT_CONVERSION = YES;
				CLANG_WARN_DIRECT_OBJC_ISA_USAGE = YES_ERROR;
				CLANG_WARN_EMPTY_BODY = YES;
				CLANG_WARN_ENUM_CONVERSION = YES;
				CLANG_WARN_INT_CONVERSION = YES;
				CLANG_WARN_OBJC_ROOT_CLASS = YES_ERROR;
				CLANG_WARN_UNREACHABLE_CODE = YES;
				CLANG_WARN__DUPLICATE_METHOD_MATCH = YES;
				CODE_SIGN_IDENTITY = "-";
				COPY_PHASE_STRIP = NO;
				DEBUG_INFORMATION_FORMAT = "dwarf-with-dsym";
				ENABLE_NS_ASSERTIONS = NO;
				ENABLE_STRICT_OBJC_MSGSEND = YES;
				GCC_C_LANGUAGE_STANDARD = gnu99;
				GCC_NO_COMMON_BLOCKS = YES;
				GCC_WARN_64_TO_32_BIT_CONVERSION = YES;
				GCC_WARN_ABOUT_RETURN_TYPE = YES_ERROR;
				GCC_WARN_UNDECLARED_SELECTOR = YES;
				GCC_WARN_UNINITIALIZED_AUTOS = YES_AGGRESSIVE;
				GCC_WARN_UNUSED_FUNCTION = YES;
				GCC_WARN_UNUSED_VARIABLE = YES;
				MACOSX_DEPLOYMENT_TARGET = 10.11;
				MTL_ENABLE_DEBUG_INFO = NO;
				SDKROOT = macosx;
			};
			name = Release;
		};
		127DF8D01CCB8435005F2693 /* Debug */ = {
			isa = XCBuildConfiguration;
			buildSettings = {
				ASSETCATALOG_COMPILER_APPICON_NAME = AppIcon;
				COMBINE_HIDPI_IMAGES = YES;
				HEADER_SEARCH_PATHS = /usr/local/include;
				INFOPLIST_FILE = ModelConverter/Info.plist;
				LD_RUNPATH_SEARCH_PATHS = "$(inherited) @executable_path/../Frameworks";
				LIBRARY_SEARCH_PATHS = /usr/local/Cellar/assimp/3.2/lib;
				PRODUCT_BUNDLE_IDENTIFIER = org.anaiman.NekoEngine.ModelConverter;
				PRODUCT_NAME = "$(TARGET_NAME)";
			};
			name = Debug;
		};
		127DF8D11CCB8435005F2693 /* Release */ = {
			isa = XCBuildConfiguration;
			buildSettings = {
				ASSETCATALOG_COMPILER_APPICON_NAME = AppIcon;
				COMBINE_HIDPI_IMAGES = YES;
				HEADER_SEARCH_PATHS = /usr/local/include;
				INFOPLIST_FILE = ModelConverter/Info.plist;
				LD_RUNPATH_SEARCH_PATHS = "$(inherited) @executable_path/../Frameworks";
				LIBRARY_SEARCH_PATHS = /usr/local/Cellar/assimp/3.2/lib;
				PRODUCT_BUNDLE_IDENTIFIER = org.anaiman.NekoEngine.ModelConverter;
				PRODUCT_NAME = "$(TARGET_NAME)";
			};
			name = Release;
		};
/* End XCBuildConfiguration section */

/* Begin XCConfigurationList section */
		127DF8B91CCB8435005F2693 /* Build configuration list for PBXProject "ModelConverter" */ = {
			isa = XCConfigurationList;
			buildConfigurations = (
				127DF8CD1CCB8435005F2693 /* Debug */,
				127DF8CE1CCB8435005F2693 /* Release */,
			);
			defaultConfigurationIsVisible = 0;
			defaultConfigurationName = Release;
		};
		127DF8CF1CCB8435005F2693 /* Build configuration list for PBXNativeTarget "ModelConverter" */ = {
			isa = XCConfigurationList;
			buildConfigurations = (
				127DF8D01CCB8435005F2693 /* Debug */,
				127DF8D11CCB8435005F2693 /* Release */,
			);
			defaultConfigurationIsVisible = 0;
			defaultConfigurationName = Release;
		};
/* End XCConfigurationList section */
	};
	rootObject = 127DF8B61CCB8435005F2693 /* Project object */;
}
