// !$*UTF8*$!
{
	archiveVersion = 1;
	classes = {
	};
	objectVersion = 46;
	objects = {

/* Begin PBXBuildFile section */
		1243C8931CDCE15A00BA692E /* EngineInputDelegate.mm in Sources */ = {isa = PBXBuildFile; fileRef = 1243C8921CDCE15A00BA692E /* EngineInputDelegate.mm */; };
		124A31E01CDC260E00472893 /* AudioClip.cpp in Sources */ = {isa = PBXBuildFile; fileRef = 12822B061CC1AD9C00EE5D0A /* AudioClip.cpp */; };
		124A31E11CDC260E00472893 /* AudioSource.cpp in Sources */ = {isa = PBXBuildFile; fileRef = 12822B071CC1AD9C00EE5D0A /* AudioSource.cpp */; };
		124A31E21CDC261500472893 /* AnimationClip.cpp in Sources */ = {isa = PBXBuildFile; fileRef = 127DF8B31CCB1572005F2693 /* AnimationClip.cpp */; };
		124A31E31CDC261500472893 /* DeferredBuffer.cpp in Sources */ = {isa = PBXBuildFile; fileRef = 12822B0B1CC1ADAE00EE5D0A /* DeferredBuffer.cpp */; };
		124A31E41CDC261500472893 /* Engine.cpp in Sources */ = {isa = PBXBuildFile; fileRef = 12822B0C1CC1ADAE00EE5D0A /* Engine.cpp */; };
		124A31E51CDC261500472893 /* LoadingScreen.cpp in Sources */ = {isa = PBXBuildFile; fileRef = 12822B0D1CC1ADAE00EE5D0A /* LoadingScreen.cpp */; };
		124A31E61CDC261500472893 /* Material.cpp in Sources */ = {isa = PBXBuildFile; fileRef = 12822B0E1CC1ADAE00EE5D0A /* Material.cpp */; };
		124A31E71CDC261500472893 /* StaticMesh.cpp in Sources */ = {isa = PBXBuildFile; fileRef = 12822B0F1CC1ADAE00EE5D0A /* StaticMesh.cpp */; };
		124A31E81CDC261500472893 /* PostProcessor.cpp in Sources */ = {isa = PBXBuildFile; fileRef = 12822B101CC1ADAE00EE5D0A /* PostProcessor.cpp */; };
		124A31E91CDC261500472893 /* ResourceDatabase.cpp in Sources */ = {isa = PBXBuildFile; fileRef = 12822B111CC1ADAE00EE5D0A /* ResourceDatabase.cpp */; };
		124A31EA1CDC261500472893 /* ResourceManager.cpp in Sources */ = {isa = PBXBuildFile; fileRef = 12822B121CC1ADAE00EE5D0A /* ResourceManager.cpp */; };
		124A31EB1CDC261500472893 /* SceneManager.cpp in Sources */ = {isa = PBXBuildFile; fileRef = 12822B131CC1ADAE00EE5D0A /* SceneManager.cpp */; };
		124A31EC1CDC261500472893 /* Shader.cpp in Sources */ = {isa = PBXBuildFile; fileRef = 12822B141CC1ADAE00EE5D0A /* Shader.cpp */; };
		124A31ED1CDC261500472893 /* ShadowMap.cpp in Sources */ = {isa = PBXBuildFile; fileRef = 12822B151CC1ADAE00EE5D0A /* ShadowMap.cpp */; };
		124A31EE1CDC261500472893 /* SkeletalMesh.cpp in Sources */ = {isa = PBXBuildFile; fileRef = 12CE016F1CC9919300F3D84B /* SkeletalMesh.cpp */; };
		124A31EF1CDC261500472893 /* SoundManager.cpp in Sources */ = {isa = PBXBuildFile; fileRef = 12822B161CC1ADAE00EE5D0A /* SoundManager.cpp */; };
		124A31F01CDC261500472893 /* SSAO.cpp in Sources */ = {isa = PBXBuildFile; fileRef = 12822B171CC1ADAE00EE5D0A /* SSAO.cpp */; };
		124A31F11CDC261500472893 /* Texture.cpp in Sources */ = {isa = PBXBuildFile; fileRef = 12822B181CC1ADAE00EE5D0A /* Texture.cpp */; };
		124A31F21CDC261500472893 /* TextureFont.cpp in Sources */ = {isa = PBXBuildFile; fileRef = 12822B191CC1ADAE00EE5D0A /* TextureFont.cpp */; };
		124A31F31CDC262800472893 /* UNIX.cpp in Sources */ = {isa = PBXBuildFile; fileRef = 12822B2C1CC1ADD000EE5D0A /* UNIX.cpp */; };
		124A31F41CDC262D00472893 /* EngineAppDelegate.mm in Sources */ = {isa = PBXBuildFile; fileRef = 1296BB701CDB7EEA00D17488 /* EngineAppDelegate.mm */; };
		124A31F51CDC263000472893 /* iOS.mm in Sources */ = {isa = PBXBuildFile; fileRef = 1296BB731CDB7F3400D17488 /* iOS.mm */; };
		124A31F61CDC263000472893 /* reallocarray.cpp in Sources */ = {isa = PBXBuildFile; fileRef = 1279C0FF1CC91E7600E521AD /* reallocarray.cpp */; };
		124A31F71CDC263000472893 /* shared.cpp in Sources */ = {isa = PBXBuildFile; fileRef = 12822B301CC1ADDB00EE5D0A /* shared.cpp */; };
		124A31F81CDC263600472893 /* Effect.cpp in Sources */ = {isa = PBXBuildFile; fileRef = 12822B351CC1AE0600EE5D0A /* Effect.cpp */; };
		124A31F91CDC263600472893 /* SMAA.cpp in Sources */ = {isa = PBXBuildFile; fileRef = 12822B361CC1AE0600EE5D0A /* SMAA.cpp */; };
		124A31FA1CDC264100472893 /* Camera.cpp in Sources */ = {isa = PBXBuildFile; fileRef = 12822B391CC1AE0E00EE5D0A /* Camera.cpp */; };
		124A31FB1CDC264100472893 /* Light.cpp in Sources */ = {isa = PBXBuildFile; fileRef = 12822B3A1CC1AE0E00EE5D0A /* Light.cpp */; };
		124A31FC1CDC264100472893 /* Object.cpp in Sources */ = {isa = PBXBuildFile; fileRef = 12822B3B1CC1AE0E00EE5D0A /* Object.cpp */; };
		124A31FD1CDC264100472893 /* ObjectComponent.cpp in Sources */ = {isa = PBXBuildFile; fileRef = 12822B3C1CC1AE0E00EE5D0A /* ObjectComponent.cpp */; };
		124A31FE1CDC264100472893 /* Scene.cpp in Sources */ = {isa = PBXBuildFile; fileRef = 12822B3D1CC1AE0E00EE5D0A /* Scene.cpp */; };
		124A31FF1CDC264100472893 /* Skybox.cpp in Sources */ = {isa = PBXBuildFile; fileRef = 12822B3E1CC1AE0E00EE5D0A /* Skybox.cpp */; };
		124A32001CDC264100472893 /* Terrain.cpp in Sources */ = {isa = PBXBuildFile; fileRef = 12822B3F1CC1AE0E00EE5D0A /* Terrain.cpp */; };
		124A32011CDC264100472893 /* AssetLoader.cpp in Sources */ = {isa = PBXBuildFile; fileRef = 12822B491CC1AE2000EE5D0A /* AssetLoader.cpp */; };
		124A32021CDC264100472893 /* ogg_callbacks.cpp in Sources */ = {isa = PBXBuildFile; fileRef = 12822B4A1CC1AE2000EE5D0A /* ogg_callbacks.cpp */; };
		124A32031CDC264100472893 /* VFS.cpp in Sources */ = {isa = PBXBuildFile; fileRef = 12822B511CC1AE2E00EE5D0A /* VFS.cpp */; };
		124A32041CDC264100472893 /* VFSArchive.cpp in Sources */ = {isa = PBXBuildFile; fileRef = 12822B521CC1AE2E00EE5D0A /* VFSArchive.cpp */; };
		124A32051CDC264100472893 /* VFSFile.cpp in Sources */ = {isa = PBXBuildFile; fileRef = 12822B531CC1AE2E00EE5D0A /* VFSFile.cpp */; };
		124A32061CDC264100472893 /* Logger.cpp in Sources */ = {isa = PBXBuildFile; fileRef = 12822B4D1CC1AE2800EE5D0A /* Logger.cpp */; };
		124A32151CDC270B00472893 /* Ogg.framework in Frameworks */ = {isa = PBXBuildFile; fileRef = 124A32131CDC270B00472893 /* Ogg.framework */; };
		124A32161CDC270B00472893 /* Vorbis.framework in Frameworks */ = {isa = PBXBuildFile; fileRef = 124A32141CDC270B00472893 /* Vorbis.framework */; };
		1255C57C1CD24CF60036E1DA /* Bone.h in Headers */ = {isa = PBXBuildFile; fileRef = 1255C57B1CD24CF60036E1DA /* Bone.h */; };
		126DE7B01CC8673B00A9E5AB /* libz.dylib in Frameworks */ = {isa = PBXBuildFile; fileRef = 126DE7AF1CC8673B00A9E5AB /* libz.dylib */; };
		126DE7B81CC86C6000A9E5AB /* libsqlite3.dylib in Frameworks */ = {isa = PBXBuildFile; fileRef = 126DE7B61CC86C6000A9E5AB /* libsqlite3.dylib */; };
		1279C0FE1CC91E5800E521AD /* Compat.h in Headers */ = {isa = PBXBuildFile; fileRef = 1279C0FD1CC91E5800E521AD /* Compat.h */; };
		1279C1001CC91E7600E521AD /* reallocarray.cpp in Sources */ = {isa = PBXBuildFile; fileRef = 1279C0FF1CC91E7600E521AD /* reallocarray.cpp */; };
		127DF8B01CCB13AD005F2693 /* AnimationClipResource.h in Headers */ = {isa = PBXBuildFile; fileRef = 127DF8AF1CCB13AD005F2693 /* AnimationClipResource.h */; };
		127DF8B21CCB14DA005F2693 /* AnimationClip.h in Headers */ = {isa = PBXBuildFile; fileRef = 127DF8B11CCB14DA005F2693 /* AnimationClip.h */; };
		127DF8B41CCB1572005F2693 /* AnimationClip.cpp in Sources */ = {isa = PBXBuildFile; fileRef = 127DF8B31CCB1572005F2693 /* AnimationClip.cpp */; };
		12822B081CC1AD9C00EE5D0A /* AudioClip.cpp in Sources */ = {isa = PBXBuildFile; fileRef = 12822B061CC1AD9C00EE5D0A /* AudioClip.cpp */; };
		12822B091CC1AD9C00EE5D0A /* AudioSource.cpp in Sources */ = {isa = PBXBuildFile; fileRef = 12822B071CC1AD9C00EE5D0A /* AudioSource.cpp */; };
		12822B1A1CC1ADAE00EE5D0A /* DeferredBuffer.cpp in Sources */ = {isa = PBXBuildFile; fileRef = 12822B0B1CC1ADAE00EE5D0A /* DeferredBuffer.cpp */; };
		12822B1B1CC1ADAE00EE5D0A /* Engine.cpp in Sources */ = {isa = PBXBuildFile; fileRef = 12822B0C1CC1ADAE00EE5D0A /* Engine.cpp */; };
		12822B1C1CC1ADAE00EE5D0A /* LoadingScreen.cpp in Sources */ = {isa = PBXBuildFile; fileRef = 12822B0D1CC1ADAE00EE5D0A /* LoadingScreen.cpp */; };
		12822B1D1CC1ADAE00EE5D0A /* Material.cpp in Sources */ = {isa = PBXBuildFile; fileRef = 12822B0E1CC1ADAE00EE5D0A /* Material.cpp */; };
		12822B1E1CC1ADAE00EE5D0A /* StaticMesh.cpp in Sources */ = {isa = PBXBuildFile; fileRef = 12822B0F1CC1ADAE00EE5D0A /* StaticMesh.cpp */; };
		12822B1F1CC1ADAE00EE5D0A /* PostProcessor.cpp in Sources */ = {isa = PBXBuildFile; fileRef = 12822B101CC1ADAE00EE5D0A /* PostProcessor.cpp */; };
		12822B201CC1ADAE00EE5D0A /* ResourceDatabase.cpp in Sources */ = {isa = PBXBuildFile; fileRef = 12822B111CC1ADAE00EE5D0A /* ResourceDatabase.cpp */; };
		12822B211CC1ADAE00EE5D0A /* ResourceManager.cpp in Sources */ = {isa = PBXBuildFile; fileRef = 12822B121CC1ADAE00EE5D0A /* ResourceManager.cpp */; };
		12822B221CC1ADAE00EE5D0A /* SceneManager.cpp in Sources */ = {isa = PBXBuildFile; fileRef = 12822B131CC1ADAE00EE5D0A /* SceneManager.cpp */; };
		12822B231CC1ADAE00EE5D0A /* Shader.cpp in Sources */ = {isa = PBXBuildFile; fileRef = 12822B141CC1ADAE00EE5D0A /* Shader.cpp */; };
		12822B241CC1ADAE00EE5D0A /* ShadowMap.cpp in Sources */ = {isa = PBXBuildFile; fileRef = 12822B151CC1ADAE00EE5D0A /* ShadowMap.cpp */; };
		12822B251CC1ADAE00EE5D0A /* SoundManager.cpp in Sources */ = {isa = PBXBuildFile; fileRef = 12822B161CC1ADAE00EE5D0A /* SoundManager.cpp */; };
		12822B261CC1ADAE00EE5D0A /* SSAO.cpp in Sources */ = {isa = PBXBuildFile; fileRef = 12822B171CC1ADAE00EE5D0A /* SSAO.cpp */; };
		12822B271CC1ADAE00EE5D0A /* Texture.cpp in Sources */ = {isa = PBXBuildFile; fileRef = 12822B181CC1ADAE00EE5D0A /* Texture.cpp */; };
		12822B281CC1ADAE00EE5D0A /* TextureFont.cpp in Sources */ = {isa = PBXBuildFile; fileRef = 12822B191CC1ADAE00EE5D0A /* TextureFont.cpp */; };
		12822B2D1CC1ADD000EE5D0A /* UNIX.cpp in Sources */ = {isa = PBXBuildFile; fileRef = 12822B2C1CC1ADD000EE5D0A /* UNIX.cpp */; };
		12822B2F1CC1ADD500EE5D0A /* Mac.mm in Sources */ = {isa = PBXBuildFile; fileRef = 12822B2E1CC1ADD500EE5D0A /* Mac.mm */; };
		12822B311CC1ADDB00EE5D0A /* shared.cpp in Sources */ = {isa = PBXBuildFile; fileRef = 12822B301CC1ADDB00EE5D0A /* shared.cpp */; };
		12822B371CC1AE0600EE5D0A /* Effect.cpp in Sources */ = {isa = PBXBuildFile; fileRef = 12822B351CC1AE0600EE5D0A /* Effect.cpp */; };
		12822B381CC1AE0600EE5D0A /* SMAA.cpp in Sources */ = {isa = PBXBuildFile; fileRef = 12822B361CC1AE0600EE5D0A /* SMAA.cpp */; };
		12822B401CC1AE0E00EE5D0A /* Camera.cpp in Sources */ = {isa = PBXBuildFile; fileRef = 12822B391CC1AE0E00EE5D0A /* Camera.cpp */; };
		12822B411CC1AE0E00EE5D0A /* Light.cpp in Sources */ = {isa = PBXBuildFile; fileRef = 12822B3A1CC1AE0E00EE5D0A /* Light.cpp */; };
		12822B421CC1AE0E00EE5D0A /* Object.cpp in Sources */ = {isa = PBXBuildFile; fileRef = 12822B3B1CC1AE0E00EE5D0A /* Object.cpp */; };
		12822B431CC1AE0E00EE5D0A /* ObjectComponent.cpp in Sources */ = {isa = PBXBuildFile; fileRef = 12822B3C1CC1AE0E00EE5D0A /* ObjectComponent.cpp */; };
		12822B441CC1AE0E00EE5D0A /* Scene.cpp in Sources */ = {isa = PBXBuildFile; fileRef = 12822B3D1CC1AE0E00EE5D0A /* Scene.cpp */; };
		12822B451CC1AE0E00EE5D0A /* Skybox.cpp in Sources */ = {isa = PBXBuildFile; fileRef = 12822B3E1CC1AE0E00EE5D0A /* Skybox.cpp */; };
		12822B461CC1AE0E00EE5D0A /* Terrain.cpp in Sources */ = {isa = PBXBuildFile; fileRef = 12822B3F1CC1AE0E00EE5D0A /* Terrain.cpp */; };
		12822B4B1CC1AE2000EE5D0A /* AssetLoader.cpp in Sources */ = {isa = PBXBuildFile; fileRef = 12822B491CC1AE2000EE5D0A /* AssetLoader.cpp */; };
		12822B4C1CC1AE2000EE5D0A /* ogg_callbacks.cpp in Sources */ = {isa = PBXBuildFile; fileRef = 12822B4A1CC1AE2000EE5D0A /* ogg_callbacks.cpp */; };
		12822B4F1CC1AE2800EE5D0A /* Logger.cpp in Sources */ = {isa = PBXBuildFile; fileRef = 12822B4D1CC1AE2800EE5D0A /* Logger.cpp */; };
		12822B541CC1AE2E00EE5D0A /* VFS.cpp in Sources */ = {isa = PBXBuildFile; fileRef = 12822B511CC1AE2E00EE5D0A /* VFS.cpp */; };
		12822B551CC1AE2E00EE5D0A /* VFSArchive.cpp in Sources */ = {isa = PBXBuildFile; fileRef = 12822B521CC1AE2E00EE5D0A /* VFSArchive.cpp */; };
		12822B561CC1AE2E00EE5D0A /* VFSFile.cpp in Sources */ = {isa = PBXBuildFile; fileRef = 12822B531CC1AE2E00EE5D0A /* VFSFile.cpp */; };
		12822B9D1CC1AED300EE5D0A /* Cocoa.framework in Frameworks */ = {isa = PBXBuildFile; fileRef = 12822B9C1CC1AED300EE5D0A /* Cocoa.framework */; };
		12822B9F1CC1AED800EE5D0A /* OpenAL.framework in Frameworks */ = {isa = PBXBuildFile; fileRef = 12822B9E1CC1AED800EE5D0A /* OpenAL.framework */; };
		12822BA81CC1AF0E00EE5D0A /* libpng16.16.dylib in Frameworks */ = {isa = PBXBuildFile; fileRef = 12822BA51CC1AF0E00EE5D0A /* libpng16.16.dylib */; };
		12822BA91CC1AF0E00EE5D0A /* libvorbis.0.dylib in Frameworks */ = {isa = PBXBuildFile; fileRef = 12822BA61CC1AF0E00EE5D0A /* libvorbis.0.dylib */; };
		12822BAB1CC1AF2B00EE5D0A /* libogg.0.dylib in Frameworks */ = {isa = PBXBuildFile; fileRef = 12822BAA1CC1AF2B00EE5D0A /* libogg.0.dylib */; };
		12822BAD1CC1B00500EE5D0A /* libvorbisfile.3.dylib in Frameworks */ = {isa = PBXBuildFile; fileRef = 12822BAC1CC1B00500EE5D0A /* libvorbisfile.3.dylib */; };
		12822BB31CC1D84300EE5D0A /* EngineView.h in Headers */ = {isa = PBXBuildFile; fileRef = 12822BB21CC1D84300EE5D0A /* EngineView.h */; };
		12822BB51CC1D84700EE5D0A /* EngineView.mm in Sources */ = {isa = PBXBuildFile; fileRef = 12822BB41CC1D84700EE5D0A /* EngineView.mm */; };
		12822BB71CC1DA4C00EE5D0A /* Carbon.framework in Frameworks */ = {isa = PBXBuildFile; fileRef = 12822BB61CC1DA4C00EE5D0A /* Carbon.framework */; };
		12822BBA1CC1DB9500EE5D0A /* EngineAppDelegate.h in Headers */ = {isa = PBXBuildFile; fileRef = 12822BB81CC1DB9500EE5D0A /* EngineAppDelegate.h */; };
		12822BBB1CC1DB9500EE5D0A /* EngineAppDelegate.mm in Sources */ = {isa = PBXBuildFile; fileRef = 12822BB91CC1DB9500EE5D0A /* EngineAppDelegate.mm */; };
		1296BBD41CDBB6B500D17488 /* PlatformDetect.h in Headers */ = {isa = PBXBuildFile; fileRef = 1296BBD31CDBB6B500D17488 /* PlatformDetect.h */; };
		12CE01701CC9919300F3D84B /* SkeletalMesh.cpp in Sources */ = {isa = PBXBuildFile; fileRef = 12CE016F1CC9919300F3D84B /* SkeletalMesh.cpp */; };
		12CE01721CC991B900F3D84B /* SkeletalMesh.h in Headers */ = {isa = PBXBuildFile; fileRef = 12CE01711CC991B900F3D84B /* SkeletalMesh.h */; };
/* End PBXBuildFile section */

/* Begin PBXCopyFilesBuildPhase section */
		124A31D11CDC258C00472893 /* CopyFiles */ = {
			isa = PBXCopyFilesBuildPhase;
			buildActionMask = 2147483647;
			dstPath = "include/$(PRODUCT_NAME)";
			dstSubfolderSpec = 16;
			files = (
			);
			runOnlyForDeploymentPostprocessing = 0;
		};
/* End PBXCopyFilesBuildPhase section */

/* Begin PBXFileReference section */
		1243C8911CDCE15A00BA692E /* EngineInputDelegate.h */ = {isa = PBXFileReference; fileEncoding = 4; lastKnownFileType = sourcecode.c.h; name = EngineInputDelegate.h; path = Platform/iOS/EngineInputDelegate.h; sourceTree = SOURCE_ROOT; };
		1243C8921CDCE15A00BA692E /* EngineInputDelegate.mm */ = {isa = PBXFileReference; fileEncoding = 4; lastKnownFileType = sourcecode.cpp.objcpp; name = EngineInputDelegate.mm; path = Platform/iOS/EngineInputDelegate.mm; sourceTree = SOURCE_ROOT; };
		124A31D31CDC258C00472893 /* libEngine_iOS.a */ = {isa = PBXFileReference; explicitFileType = archive.ar; includeInIndex = 0; path = libEngine_iOS.a; sourceTree = BUILT_PRODUCTS_DIR; };
		124A32131CDC270B00472893 /* Ogg.framework */ = {isa = PBXFileReference; lastKnownFileType = wrapper.framework; name = Ogg.framework; path = "../Launcher/Launcher-iOS/Frameworks/Ogg.framework"; sourceTree = "<group>"; };
		124A32141CDC270B00472893 /* Vorbis.framework */ = {isa = PBXFileReference; lastKnownFileType = wrapper.framework; name = Vorbis.framework; path = "../Launcher/Launcher-iOS/Frameworks/Vorbis.framework"; sourceTree = "<group>"; };
		1255C57B1CD24CF60036E1DA /* Bone.h */ = {isa = PBXFileReference; fileEncoding = 4; lastKnownFileType = sourcecode.c.h; path = Bone.h; sourceTree = "<group>"; };
		126DE7AD1CC8673600A9E5AB /* libsqlite3.dylib */ = {isa = PBXFileReference; lastKnownFileType = "compiled.mach-o.dylib"; name = libsqlite3.dylib; path = usr/lib/libsqlite3.dylib; sourceTree = SDKROOT; };
		126DE7AF1CC8673B00A9E5AB /* libz.dylib */ = {isa = PBXFileReference; lastKnownFileType = "compiled.mach-o.dylib"; name = libz.dylib; path = usr/lib/libz.dylib; sourceTree = SDKROOT; };
		126DE7B51CC86C6000A9E5AB /* libz.dylib */ = {isa = PBXFileReference; lastKnownFileType = "compiled.mach-o.dylib"; name = libz.dylib; path = usr/lib/libz.dylib; sourceTree = SDKROOT; };
		126DE7B61CC86C6000A9E5AB /* libsqlite3.dylib */ = {isa = PBXFileReference; lastKnownFileType = "compiled.mach-o.dylib"; name = libsqlite3.dylib; path = usr/lib/libsqlite3.dylib; sourceTree = SDKROOT; };
		1279C0FD1CC91E5800E521AD /* Compat.h */ = {isa = PBXFileReference; fileEncoding = 4; lastKnownFileType = sourcecode.c.h; path = Compat.h; sourceTree = "<group>"; };
		1279C0FF1CC91E7600E521AD /* reallocarray.cpp */ = {isa = PBXFileReference; fileEncoding = 4; lastKnownFileType = sourcecode.cpp.cpp; name = reallocarray.cpp; path = Platform/Compat/reallocarray.cpp; sourceTree = SOURCE_ROOT; };
		127DF8AF1CCB13AD005F2693 /* AnimationClipResource.h */ = {isa = PBXFileReference; fileEncoding = 4; lastKnownFileType = sourcecode.c.h; path = AnimationClipResource.h; sourceTree = "<group>"; };
		127DF8B11CCB14DA005F2693 /* AnimationClip.h */ = {isa = PBXFileReference; fileEncoding = 4; lastKnownFileType = sourcecode.c.h; path = AnimationClip.h; sourceTree = "<group>"; };
		127DF8B31CCB1572005F2693 /* AnimationClip.cpp */ = {isa = PBXFileReference; fileEncoding = 4; lastKnownFileType = sourcecode.cpp.cpp; path = AnimationClip.cpp; sourceTree = "<group>"; };
		12822AF11CC1AD4300EE5D0A /* libEngine.dylib */ = {isa = PBXFileReference; explicitFileType = "compiled.mach-o.dylib"; includeInIndex = 0; path = libEngine.dylib; sourceTree = BUILT_PRODUCTS_DIR; };
		12822B061CC1AD9C00EE5D0A /* AudioClip.cpp */ = {isa = PBXFileReference; fileEncoding = 4; lastKnownFileType = sourcecode.cpp.cpp; name = AudioClip.cpp; path = Audio/AudioClip.cpp; sourceTree = SOURCE_ROOT; };
		12822B071CC1AD9C00EE5D0A /* AudioSource.cpp */ = {isa = PBXFileReference; fileEncoding = 4; lastKnownFileType = sourcecode.cpp.cpp; name = AudioSource.cpp; path = Audio/AudioSource.cpp; sourceTree = SOURCE_ROOT; };
		12822B0B1CC1ADAE00EE5D0A /* DeferredBuffer.cpp */ = {isa = PBXFileReference; fileEncoding = 4; lastKnownFileType = sourcecode.cpp.cpp; path = DeferredBuffer.cpp; sourceTree = "<group>"; };
		12822B0C1CC1ADAE00EE5D0A /* Engine.cpp */ = {isa = PBXFileReference; fileEncoding = 4; lastKnownFileType = sourcecode.cpp.cpp; path = Engine.cpp; sourceTree = "<group>"; };
		12822B0D1CC1ADAE00EE5D0A /* LoadingScreen.cpp */ = {isa = PBXFileReference; fileEncoding = 4; lastKnownFileType = sourcecode.cpp.cpp; path = LoadingScreen.cpp; sourceTree = "<group>"; };
		12822B0E1CC1ADAE00EE5D0A /* Material.cpp */ = {isa = PBXFileReference; fileEncoding = 4; lastKnownFileType = sourcecode.cpp.cpp; path = Material.cpp; sourceTree = "<group>"; };
		12822B0F1CC1ADAE00EE5D0A /* StaticMesh.cpp */ = {isa = PBXFileReference; fileEncoding = 4; lastKnownFileType = sourcecode.cpp.cpp; path = StaticMesh.cpp; sourceTree = "<group>"; };
		12822B101CC1ADAE00EE5D0A /* PostProcessor.cpp */ = {isa = PBXFileReference; fileEncoding = 4; lastKnownFileType = sourcecode.cpp.cpp; path = PostProcessor.cpp; sourceTree = "<group>"; };
		12822B111CC1ADAE00EE5D0A /* ResourceDatabase.cpp */ = {isa = PBXFileReference; fileEncoding = 4; lastKnownFileType = sourcecode.cpp.cpp; path = ResourceDatabase.cpp; sourceTree = "<group>"; };
		12822B121CC1ADAE00EE5D0A /* ResourceManager.cpp */ = {isa = PBXFileReference; fileEncoding = 4; lastKnownFileType = sourcecode.cpp.cpp; path = ResourceManager.cpp; sourceTree = "<group>"; };
		12822B131CC1ADAE00EE5D0A /* SceneManager.cpp */ = {isa = PBXFileReference; fileEncoding = 4; lastKnownFileType = sourcecode.cpp.cpp; path = SceneManager.cpp; sourceTree = "<group>"; };
		12822B141CC1ADAE00EE5D0A /* Shader.cpp */ = {isa = PBXFileReference; fileEncoding = 4; lastKnownFileType = sourcecode.cpp.cpp; path = Shader.cpp; sourceTree = "<group>"; };
		12822B151CC1ADAE00EE5D0A /* ShadowMap.cpp */ = {isa = PBXFileReference; fileEncoding = 4; lastKnownFileType = sourcecode.cpp.cpp; path = ShadowMap.cpp; sourceTree = "<group>"; };
		12822B161CC1ADAE00EE5D0A /* SoundManager.cpp */ = {isa = PBXFileReference; fileEncoding = 4; lastKnownFileType = sourcecode.cpp.cpp; path = SoundManager.cpp; sourceTree = "<group>"; };
		12822B171CC1ADAE00EE5D0A /* SSAO.cpp */ = {isa = PBXFileReference; fileEncoding = 4; lastKnownFileType = sourcecode.cpp.cpp; path = SSAO.cpp; sourceTree = "<group>"; };
		12822B181CC1ADAE00EE5D0A /* Texture.cpp */ = {isa = PBXFileReference; fileEncoding = 4; lastKnownFileType = sourcecode.cpp.cpp; path = Texture.cpp; sourceTree = "<group>"; };
		12822B191CC1ADAE00EE5D0A /* TextureFont.cpp */ = {isa = PBXFileReference; fileEncoding = 4; lastKnownFileType = sourcecode.cpp.cpp; path = TextureFont.cpp; sourceTree = "<group>"; };
		12822B2C1CC1ADD000EE5D0A /* UNIX.cpp */ = {isa = PBXFileReference; fileEncoding = 4; lastKnownFileType = sourcecode.cpp.cpp; name = UNIX.cpp; path = Platform/UNIX/UNIX.cpp; sourceTree = SOURCE_ROOT; };
		12822B2E1CC1ADD500EE5D0A /* Mac.mm */ = {isa = PBXFileReference; fileEncoding = 4; lastKnownFileType = sourcecode.cpp.objcpp; name = Mac.mm; path = Platform/Mac/Mac.mm; sourceTree = SOURCE_ROOT; };
		12822B301CC1ADDB00EE5D0A /* shared.cpp */ = {isa = PBXFileReference; fileEncoding = 4; lastKnownFileType = sourcecode.cpp.cpp; name = shared.cpp; path = ../Platform/shared.cpp; sourceTree = "<group>"; };
		12822B351CC1AE0600EE5D0A /* Effect.cpp */ = {isa = PBXFileReference; fileEncoding = 4; lastKnownFileType = sourcecode.cpp.cpp; name = Effect.cpp; path = PostEffects/Effect.cpp; sourceTree = SOURCE_ROOT; };
		12822B361CC1AE0600EE5D0A /* SMAA.cpp */ = {isa = PBXFileReference; fileEncoding = 4; lastKnownFileType = sourcecode.cpp.cpp; name = SMAA.cpp; path = PostEffects/SMAA.cpp; sourceTree = SOURCE_ROOT; };
		12822B391CC1AE0E00EE5D0A /* Camera.cpp */ = {isa = PBXFileReference; fileEncoding = 4; lastKnownFileType = sourcecode.cpp.cpp; name = Camera.cpp; path = Scene/Camera.cpp; sourceTree = SOURCE_ROOT; };
		12822B3A1CC1AE0E00EE5D0A /* Light.cpp */ = {isa = PBXFileReference; fileEncoding = 4; lastKnownFileType = sourcecode.cpp.cpp; name = Light.cpp; path = Scene/Light.cpp; sourceTree = SOURCE_ROOT; };
		12822B3B1CC1AE0E00EE5D0A /* Object.cpp */ = {isa = PBXFileReference; fileEncoding = 4; lastKnownFileType = sourcecode.cpp.cpp; name = Object.cpp; path = Scene/Object.cpp; sourceTree = SOURCE_ROOT; };
		12822B3C1CC1AE0E00EE5D0A /* ObjectComponent.cpp */ = {isa = PBXFileReference; fileEncoding = 4; lastKnownFileType = sourcecode.cpp.cpp; name = ObjectComponent.cpp; path = Scene/ObjectComponent.cpp; sourceTree = SOURCE_ROOT; };
		12822B3D1CC1AE0E00EE5D0A /* Scene.cpp */ = {isa = PBXFileReference; fileEncoding = 4; lastKnownFileType = sourcecode.cpp.cpp; name = Scene.cpp; path = Scene/Scene.cpp; sourceTree = SOURCE_ROOT; };
		12822B3E1CC1AE0E00EE5D0A /* Skybox.cpp */ = {isa = PBXFileReference; fileEncoding = 4; lastKnownFileType = sourcecode.cpp.cpp; name = Skybox.cpp; path = Scene/Skybox.cpp; sourceTree = SOURCE_ROOT; };
		12822B3F1CC1AE0E00EE5D0A /* Terrain.cpp */ = {isa = PBXFileReference; fileEncoding = 4; lastKnownFileType = sourcecode.cpp.cpp; name = Terrain.cpp; path = Scene/Terrain.cpp; sourceTree = SOURCE_ROOT; };
		12822B491CC1AE2000EE5D0A /* AssetLoader.cpp */ = {isa = PBXFileReference; fileEncoding = 4; lastKnownFileType = sourcecode.cpp.cpp; name = AssetLoader.cpp; path = System/AssetLoader/AssetLoader.cpp; sourceTree = SOURCE_ROOT; };
		12822B4A1CC1AE2000EE5D0A /* ogg_callbacks.cpp */ = {isa = PBXFileReference; fileEncoding = 4; lastKnownFileType = sourcecode.cpp.cpp; name = ogg_callbacks.cpp; path = System/AssetLoader/ogg_callbacks.cpp; sourceTree = SOURCE_ROOT; };
		12822B4D1CC1AE2800EE5D0A /* Logger.cpp */ = {isa = PBXFileReference; fileEncoding = 4; lastKnownFileType = sourcecode.cpp.cpp; name = Logger.cpp; path = System/Logger.cpp; sourceTree = SOURCE_ROOT; };
		12822B511CC1AE2E00EE5D0A /* VFS.cpp */ = {isa = PBXFileReference; fileEncoding = 4; lastKnownFileType = sourcecode.cpp.cpp; name = VFS.cpp; path = System/VFS/VFS.cpp; sourceTree = SOURCE_ROOT; };
		12822B521CC1AE2E00EE5D0A /* VFSArchive.cpp */ = {isa = PBXFileReference; fileEncoding = 4; lastKnownFileType = sourcecode.cpp.cpp; name = VFSArchive.cpp; path = System/VFS/VFSArchive.cpp; sourceTree = SOURCE_ROOT; };
		12822B531CC1AE2E00EE5D0A /* VFSFile.cpp */ = {isa = PBXFileReference; fileEncoding = 4; lastKnownFileType = sourcecode.cpp.cpp; name = VFSFile.cpp; path = System/VFS/VFSFile.cpp; sourceTree = SOURCE_ROOT; };
		12822B591CC1AE4E00EE5D0A /* AudioClip.h */ = {isa = PBXFileReference; lastKnownFileType = sourcecode.c.h; path = AudioClip.h; sourceTree = "<group>"; };
		12822B5A1CC1AE4E00EE5D0A /* AudioSource.h */ = {isa = PBXFileReference; lastKnownFileType = sourcecode.c.h; path = AudioSource.h; sourceTree = "<group>"; };
		12822B5C1CC1AE4E00EE5D0A /* DeferredBuffer.h */ = {isa = PBXFileReference; lastKnownFileType = sourcecode.c.h; path = DeferredBuffer.h; sourceTree = "<group>"; };
		12822B5D1CC1AE4E00EE5D0A /* Engine.h */ = {isa = PBXFileReference; lastKnownFileType = sourcecode.c.h; path = Engine.h; sourceTree = "<group>"; };
		12822B5E1CC1AE4E00EE5D0A /* EngineClassFactory.h */ = {isa = PBXFileReference; lastKnownFileType = sourcecode.c.h; path = EngineClassFactory.h; sourceTree = "<group>"; };
		12822B5F1CC1AE4E00EE5D0A /* EngineUtils.h */ = {isa = PBXFileReference; lastKnownFileType = sourcecode.c.h; path = EngineUtils.h; sourceTree = "<group>"; };
		12822B601CC1AE4E00EE5D0A /* GameModule.h */ = {isa = PBXFileReference; lastKnownFileType = sourcecode.c.h; path = GameModule.h; sourceTree = "<group>"; };
		12822B611CC1AE4E00EE5D0A /* LoadingScreen.h */ = {isa = PBXFileReference; lastKnownFileType = sourcecode.c.h; path = LoadingScreen.h; sourceTree = "<group>"; };
		12822B621CC1AE4E00EE5D0A /* Material.h */ = {isa = PBXFileReference; lastKnownFileType = sourcecode.c.h; path = Material.h; sourceTree = "<group>"; };
		12822B631CC1AE4E00EE5D0A /* StaticMesh.h */ = {isa = PBXFileReference; lastKnownFileType = sourcecode.c.h; path = StaticMesh.h; sourceTree = "<group>"; };
		12822B641CC1AE4E00EE5D0A /* PostProcessor.h */ = {isa = PBXFileReference; lastKnownFileType = sourcecode.c.h; path = PostProcessor.h; sourceTree = "<group>"; };
		12822B651CC1AE4E00EE5D0A /* ResourceDatabase.h */ = {isa = PBXFileReference; lastKnownFileType = sourcecode.c.h; path = ResourceDatabase.h; sourceTree = "<group>"; };
		12822B661CC1AE4E00EE5D0A /* ResourceManager.h */ = {isa = PBXFileReference; lastKnownFileType = sourcecode.c.h; path = ResourceManager.h; sourceTree = "<group>"; };
		12822B671CC1AE4E00EE5D0A /* SceneManager.h */ = {isa = PBXFileReference; lastKnownFileType = sourcecode.c.h; path = SceneManager.h; sourceTree = "<group>"; };
		12822B681CC1AE4E00EE5D0A /* Shader.h */ = {isa = PBXFileReference; lastKnownFileType = sourcecode.c.h; path = Shader.h; sourceTree = "<group>"; };
		12822B691CC1AE4E00EE5D0A /* ShadowMap.h */ = {isa = PBXFileReference; lastKnownFileType = sourcecode.c.h; path = ShadowMap.h; sourceTree = "<group>"; };
		12822B6A1CC1AE4E00EE5D0A /* SoundManager.h */ = {isa = PBXFileReference; lastKnownFileType = sourcecode.c.h; path = SoundManager.h; sourceTree = "<group>"; };
		12822B6B1CC1AE4E00EE5D0A /* SSAO.h */ = {isa = PBXFileReference; lastKnownFileType = sourcecode.c.h; path = SSAO.h; sourceTree = "<group>"; };
		12822B6C1CC1AE4E00EE5D0A /* Texture.h */ = {isa = PBXFileReference; lastKnownFileType = sourcecode.c.h; path = Texture.h; sourceTree = "<group>"; };
		12822B6D1CC1AE4E00EE5D0A /* TextureFont.h */ = {isa = PBXFileReference; lastKnownFileType = sourcecode.c.h; path = TextureFont.h; sourceTree = "<group>"; };
		12822B6E1CC1AE4E00EE5D0A /* Version.h */ = {isa = PBXFileReference; lastKnownFileType = sourcecode.c.h; path = Version.h; sourceTree = "<group>"; };
		12822B6F1CC1AE4E00EE5D0A /* Vertex.h */ = {isa = PBXFileReference; lastKnownFileType = sourcecode.c.h; path = Vertex.h; sourceTree = "<group>"; };
		12822B711CC1AE4E00EE5D0A /* Platform.h */ = {isa = PBXFileReference; lastKnownFileType = sourcecode.c.h; path = Platform.h; sourceTree = "<group>"; };
		12822B731CC1AE4E00EE5D0A /* Bloom.h */ = {isa = PBXFileReference; lastKnownFileType = sourcecode.c.h; path = Bloom.h; sourceTree = "<group>"; };
		12822B741CC1AE4E00EE5D0A /* Effect.h */ = {isa = PBXFileReference; lastKnownFileType = sourcecode.c.h; path = Effect.h; sourceTree = "<group>"; };
		12822B751CC1AE4E00EE5D0A /* FXAA.h */ = {isa = PBXFileReference; lastKnownFileType = sourcecode.c.h; path = FXAA.h; sourceTree = "<group>"; };
		12822B771CC1AE4E00EE5D0A /* AreaTex.h */ = {isa = PBXFileReference; lastKnownFileType = sourcecode.c.h; path = AreaTex.h; sourceTree = "<group>"; };
		12822B781CC1AE4E00EE5D0A /* SearchTex.h */ = {isa = PBXFileReference; lastKnownFileType = sourcecode.c.h; path = SearchTex.h; sourceTree = "<group>"; };
		12822B791CC1AE4E00EE5D0A /* SMAA.h */ = {isa = PBXFileReference; lastKnownFileType = sourcecode.c.h; path = SMAA.h; sourceTree = "<group>"; };
		12822B7B1CC1AE4E00EE5D0A /* RArrayBuffer.h */ = {isa = PBXFileReference; lastKnownFileType = sourcecode.c.h; path = RArrayBuffer.h; sourceTree = "<group>"; };
		12822B7C1CC1AE4E00EE5D0A /* RBuffer.h */ = {isa = PBXFileReference; lastKnownFileType = sourcecode.c.h; path = RBuffer.h; sourceTree = "<group>"; };
		12822B7D1CC1AE4E00EE5D0A /* Renderer.h */ = {isa = PBXFileReference; lastKnownFileType = sourcecode.c.h; path = Renderer.h; sourceTree = "<group>"; };
		12822B7E1CC1AE4E00EE5D0A /* RFramebuffer.h */ = {isa = PBXFileReference; lastKnownFileType = sourcecode.c.h; path = RFramebuffer.h; sourceTree = "<group>"; };
		12822B7F1CC1AE4E00EE5D0A /* RShader.h */ = {isa = PBXFileReference; lastKnownFileType = sourcecode.c.h; path = RShader.h; sourceTree = "<group>"; };
		12822B801CC1AE4E00EE5D0A /* RTexture.h */ = {isa = PBXFileReference; lastKnownFileType = sourcecode.c.h; path = RTexture.h; sourceTree = "<group>"; };
		12822B821CC1AE4E00EE5D0A /* AudioClipResource.h */ = {isa = PBXFileReference; lastKnownFileType = sourcecode.c.h; path = AudioClipResource.h; sourceTree = "<group>"; };
		12822B831CC1AE4E00EE5D0A /* MaterialResource.h */ = {isa = PBXFileReference; lastKnownFileType = sourcecode.c.h; path = MaterialResource.h; sourceTree = "<group>"; };
		12822B841CC1AE4E00EE5D0A /* MeshResource.h */ = {isa = PBXFileReference; lastKnownFileType = sourcecode.c.h; path = MeshResource.h; sourceTree = "<group>"; };
		12822B851CC1AE4E00EE5D0A /* Resource.h */ = {isa = PBXFileReference; lastKnownFileType = sourcecode.c.h; path = Resource.h; sourceTree = "<group>"; };
		12822B861CC1AE4E00EE5D0A /* ResourceInfo.h */ = {isa = PBXFileReference; lastKnownFileType = sourcecode.c.h; path = ResourceInfo.h; sourceTree = "<group>"; };
		12822B871CC1AE4E00EE5D0A /* ShaderResource.h */ = {isa = PBXFileReference; lastKnownFileType = sourcecode.c.h; path = ShaderResource.h; sourceTree = "<group>"; };
		12822B881CC1AE4E00EE5D0A /* TextureFontResource.h */ = {isa = PBXFileReference; lastKnownFileType = sourcecode.c.h; path = TextureFontResource.h; sourceTree = "<group>"; };
		12822B891CC1AE4E00EE5D0A /* TextureResource.h */ = {isa = PBXFileReference; lastKnownFileType = sourcecode.c.h; path = TextureResource.h; sourceTree = "<group>"; };
		12822B8B1CC1AE4E00EE5D0A /* Camera.h */ = {isa = PBXFileReference; lastKnownFileType = sourcecode.c.h; path = Camera.h; sourceTree = "<group>"; };
		12822B8C1CC1AE4E00EE5D0A /* Light.h */ = {isa = PBXFileReference; lastKnownFileType = sourcecode.c.h; path = Light.h; sourceTree = "<group>"; };
		12822B8D1CC1AE4E00EE5D0A /* Object.h */ = {isa = PBXFileReference; lastKnownFileType = sourcecode.c.h; path = Object.h; sourceTree = "<group>"; };
		12822B8E1CC1AE4E00EE5D0A /* ObjectComponent.h */ = {isa = PBXFileReference; lastKnownFileType = sourcecode.c.h; path = ObjectComponent.h; sourceTree = "<group>"; };
		12822B8F1CC1AE4E00EE5D0A /* Scene.h */ = {isa = PBXFileReference; lastKnownFileType = sourcecode.c.h; path = Scene.h; sourceTree = "<group>"; };
		12822B901CC1AE4E00EE5D0A /* Skybox.h */ = {isa = PBXFileReference; lastKnownFileType = sourcecode.c.h; path = Skybox.h; sourceTree = "<group>"; };
		12822B911CC1AE4E00EE5D0A /* Terrain.h */ = {isa = PBXFileReference; lastKnownFileType = sourcecode.c.h; path = Terrain.h; sourceTree = "<group>"; };
		12822B941CC1AE4E00EE5D0A /* AssetLoader.h */ = {isa = PBXFileReference; lastKnownFileType = sourcecode.c.h; path = AssetLoader.h; sourceTree = "<group>"; };
		12822B951CC1AE4E00EE5D0A /* ogg_callbacks.h */ = {isa = PBXFileReference; lastKnownFileType = sourcecode.c.h; path = ogg_callbacks.h; sourceTree = "<group>"; };
		12822B961CC1AE4E00EE5D0A /* Logger.h */ = {isa = PBXFileReference; lastKnownFileType = sourcecode.c.h; path = Logger.h; sourceTree = "<group>"; };
		12822B991CC1AE4E00EE5D0A /* VFS.h */ = {isa = PBXFileReference; lastKnownFileType = sourcecode.c.h; path = VFS.h; sourceTree = "<group>"; };
		12822B9A1CC1AE4E00EE5D0A /* VFSArchive.h */ = {isa = PBXFileReference; lastKnownFileType = sourcecode.c.h; path = VFSArchive.h; sourceTree = "<group>"; };
		12822B9B1CC1AE4E00EE5D0A /* VFSFile.h */ = {isa = PBXFileReference; lastKnownFileType = sourcecode.c.h; path = VFSFile.h; sourceTree = "<group>"; };
		12822B9C1CC1AED300EE5D0A /* Cocoa.framework */ = {isa = PBXFileReference; lastKnownFileType = wrapper.framework; name = Cocoa.framework; path = System/Library/Frameworks/Cocoa.framework; sourceTree = SDKROOT; };
		12822B9E1CC1AED800EE5D0A /* OpenAL.framework */ = {isa = PBXFileReference; lastKnownFileType = wrapper.framework; name = OpenAL.framework; path = System/Library/Frameworks/OpenAL.framework; sourceTree = SDKROOT; };
		12822BA51CC1AF0E00EE5D0A /* libpng16.16.dylib */ = {isa = PBXFileReference; lastKnownFileType = "compiled.mach-o.dylib"; name = libpng16.16.dylib; path = /usr/local/lib/libpng16.16.dylib; sourceTree = "<absolute>"; };
		12822BA61CC1AF0E00EE5D0A /* libvorbis.0.dylib */ = {isa = PBXFileReference; lastKnownFileType = "compiled.mach-o.dylib"; name = libvorbis.0.dylib; path = /usr/local/lib/libvorbis.0.dylib; sourceTree = "<absolute>"; };
		12822BAA1CC1AF2B00EE5D0A /* libogg.0.dylib */ = {isa = PBXFileReference; lastKnownFileType = "compiled.mach-o.dylib"; name = libogg.0.dylib; path = /usr/local/lib/libogg.0.dylib; sourceTree = "<absolute>"; };
		12822BAC1CC1B00500EE5D0A /* libvorbisfile.3.dylib */ = {isa = PBXFileReference; lastKnownFileType = "compiled.mach-o.dylib"; name = libvorbisfile.3.dylib; path = /usr/local/lib/libvorbisfile.3.dylib; sourceTree = "<absolute>"; };
		12822BB21CC1D84300EE5D0A /* EngineView.h */ = {isa = PBXFileReference; fileEncoding = 4; lastKnownFileType = sourcecode.c.h; name = EngineView.h; path = Platform/Mac/EngineView.h; sourceTree = SOURCE_ROOT; };
		12822BB41CC1D84700EE5D0A /* EngineView.mm */ = {isa = PBXFileReference; fileEncoding = 4; lastKnownFileType = sourcecode.cpp.objcpp; name = EngineView.mm; path = Platform/Mac/EngineView.mm; sourceTree = SOURCE_ROOT; };
		12822BB61CC1DA4C00EE5D0A /* Carbon.framework */ = {isa = PBXFileReference; lastKnownFileType = wrapper.framework; name = Carbon.framework; path = System/Library/Frameworks/Carbon.framework; sourceTree = SDKROOT; };
		12822BB81CC1DB9500EE5D0A /* EngineAppDelegate.h */ = {isa = PBXFileReference; fileEncoding = 4; lastKnownFileType = sourcecode.c.h; name = EngineAppDelegate.h; path = Platform/Mac/EngineAppDelegate.h; sourceTree = SOURCE_ROOT; };
		12822BB91CC1DB9500EE5D0A /* EngineAppDelegate.mm */ = {isa = PBXFileReference; fileEncoding = 4; lastKnownFileType = sourcecode.cpp.objcpp; name = EngineAppDelegate.mm; path = Platform/Mac/EngineAppDelegate.mm; sourceTree = SOURCE_ROOT; };
		1296BB6F1CDB7EEA00D17488 /* EngineAppDelegate.h */ = {isa = PBXFileReference; fileEncoding = 4; lastKnownFileType = sourcecode.c.h; name = EngineAppDelegate.h; path = Platform/iOS/EngineAppDelegate.h; sourceTree = SOURCE_ROOT; };
		1296BB701CDB7EEA00D17488 /* EngineAppDelegate.mm */ = {isa = PBXFileReference; fileEncoding = 4; lastKnownFileType = sourcecode.cpp.objcpp; name = EngineAppDelegate.mm; path = Platform/iOS/EngineAppDelegate.mm; sourceTree = SOURCE_ROOT; };
		1296BB731CDB7F3400D17488 /* iOS.mm */ = {isa = PBXFileReference; fileEncoding = 4; lastKnownFileType = sourcecode.cpp.objcpp; name = iOS.mm; path = Platform/iOS/iOS.mm; sourceTree = SOURCE_ROOT; };
		1296BBD31CDBB6B500D17488 /* PlatformDetect.h */ = {isa = PBXFileReference; fileEncoding = 4; lastKnownFileType = sourcecode.c.h; path = PlatformDetect.h; sourceTree = "<group>"; };
		12CE016F1CC9919300F3D84B /* SkeletalMesh.cpp */ = {isa = PBXFileReference; fileEncoding = 4; lastKnownFileType = sourcecode.cpp.cpp; path = SkeletalMesh.cpp; sourceTree = "<group>"; };
		12CE01711CC991B900F3D84B /* SkeletalMesh.h */ = {isa = PBXFileReference; fileEncoding = 4; lastKnownFileType = sourcecode.c.h; path = SkeletalMesh.h; sourceTree = "<group>"; };
/* End PBXFileReference section */

/* Begin PBXFrameworksBuildPhase section */
		124A31D01CDC258C00472893 /* Frameworks */ = {
			isa = PBXFrameworksBuildPhase;
			buildActionMask = 2147483647;
			files = (
				124A32151CDC270B00472893 /* Ogg.framework in Frameworks */,
				124A32161CDC270B00472893 /* Vorbis.framework in Frameworks */,
			);
			runOnlyForDeploymentPostprocessing = 0;
		};
		12822AEE1CC1AD4300EE5D0A /* Frameworks */ = {
			isa = PBXFrameworksBuildPhase;
			buildActionMask = 2147483647;
			files = (
				126DE7B01CC8673B00A9E5AB /* libz.dylib in Frameworks */,
				126DE7B81CC86C6000A9E5AB /* libsqlite3.dylib in Frameworks */,
				12822BAD1CC1B00500EE5D0A /* libvorbisfile.3.dylib in Frameworks */,
				12822BAB1CC1AF2B00EE5D0A /* libogg.0.dylib in Frameworks */,
				12822BA81CC1AF0E00EE5D0A /* libpng16.16.dylib in Frameworks */,
				12822BA91CC1AF0E00EE5D0A /* libvorbis.0.dylib in Frameworks */,
				12822B9F1CC1AED800EE5D0A /* OpenAL.framework in Frameworks */,
				12822B9D1CC1AED300EE5D0A /* Cocoa.framework in Frameworks */,
				12822BB71CC1DA4C00EE5D0A /* Carbon.framework in Frameworks */,
			);
			runOnlyForDeploymentPostprocessing = 0;
		};
/* End PBXFrameworksBuildPhase section */

/* Begin PBXGroup section */
		124A32121CDC26FD00472893 /* Frameworks_iOS */ = {
			isa = PBXGroup;
			children = (
				124A32131CDC270B00472893 /* Ogg.framework */,
				124A32141CDC270B00472893 /* Vorbis.framework */,
			);
			name = Frameworks_iOS;
			sourceTree = "<group>";
		};
		1279C0FC1CC91E4200E521AD /* Compat */ = {
			isa = PBXGroup;
			children = (
				1279C0FF1CC91E7600E521AD /* reallocarray.cpp */,
			);
			name = Compat;
			sourceTree = "<group>";
		};
		12822AE81CC1AD4300EE5D0A = {
			isa = PBXGroup;
			children = (
				12822B571CC1AE4500EE5D0A /* Include */,
				12822AF31CC1AD4300EE5D0A /* Source */,
				12822BAE1CC1B01400EE5D0A /* Libraries */,
				12822BAF1CC1B01F00EE5D0A /* Frameworks */,
				124A32121CDC26FD00472893 /* Frameworks_iOS */,
				12822AF21CC1AD4300EE5D0A /* Products */,
			);
			sourceTree = "<group>";
		};
		12822AF21CC1AD4300EE5D0A /* Products */ = {
			isa = PBXGroup;
			children = (
				12822AF11CC1AD4300EE5D0A /* libEngine.dylib */,
				124A31D31CDC258C00472893 /* libEngine_iOS.a */,
			);
			name = Products;
			sourceTree = "<group>";
		};
		12822AF31CC1AD4300EE5D0A /* Source */ = {
			isa = PBXGroup;
			children = (
				12822B051CC1AD9400EE5D0A /* Audio */,
				12822B0A1CC1AD9F00EE5D0A /* Engine */,
				12822B291CC1ADB100EE5D0A /* Platform */,
				12822B341CC1ADF400EE5D0A /* PostEffects */,
				12822B331CC1ADF000EE5D0A /* Scene */,
				12822B321CC1ADE700EE5D0A /* System */,
			);
			name = Source;
			path = Engine;
			sourceTree = "<group>";
		};
		12822B051CC1AD9400EE5D0A /* Audio */ = {
			isa = PBXGroup;
			children = (
				12822B061CC1AD9C00EE5D0A /* AudioClip.cpp */,
				12822B071CC1AD9C00EE5D0A /* AudioSource.cpp */,
			);
			name = Audio;
			sourceTree = "<group>";
		};
		12822B0A1CC1AD9F00EE5D0A /* Engine */ = {
			isa = PBXGroup;
			children = (
				127DF8B31CCB1572005F2693 /* AnimationClip.cpp */,
				12822B0B1CC1ADAE00EE5D0A /* DeferredBuffer.cpp */,
				12822B0C1CC1ADAE00EE5D0A /* Engine.cpp */,
				12822B0D1CC1ADAE00EE5D0A /* LoadingScreen.cpp */,
				12822B0E1CC1ADAE00EE5D0A /* Material.cpp */,
				12822B0F1CC1ADAE00EE5D0A /* StaticMesh.cpp */,
				12822B101CC1ADAE00EE5D0A /* PostProcessor.cpp */,
				12822B111CC1ADAE00EE5D0A /* ResourceDatabase.cpp */,
				12822B121CC1ADAE00EE5D0A /* ResourceManager.cpp */,
				12822B131CC1ADAE00EE5D0A /* SceneManager.cpp */,
				12822B141CC1ADAE00EE5D0A /* Shader.cpp */,
				12822B151CC1ADAE00EE5D0A /* ShadowMap.cpp */,
				12CE016F1CC9919300F3D84B /* SkeletalMesh.cpp */,
				12822B161CC1ADAE00EE5D0A /* SoundManager.cpp */,
				12822B171CC1ADAE00EE5D0A /* SSAO.cpp */,
				12822B181CC1ADAE00EE5D0A /* Texture.cpp */,
				12822B191CC1ADAE00EE5D0A /* TextureFont.cpp */,
			);
			name = Engine;
			sourceTree = "<group>";
		};
		12822B291CC1ADB100EE5D0A /* Platform */ = {
			isa = PBXGroup;
			children = (
				12822B2B1CC1ADC600EE5D0A /* UNIX */,
				12822B2A1CC1ADC200EE5D0A /* Mac */,
				1296BB6E1CDB7EA700D17488 /* iOS */,
				1279C0FC1CC91E4200E521AD /* Compat */,
				12822B301CC1ADDB00EE5D0A /* shared.cpp */,
			);
			name = Platform;
			sourceTree = "<group>";
		};
		12822B2A1CC1ADC200EE5D0A /* Mac */ = {
			isa = PBXGroup;
			children = (
				12822BB81CC1DB9500EE5D0A /* EngineAppDelegate.h */,
				12822BB91CC1DB9500EE5D0A /* EngineAppDelegate.mm */,
				12822BB21CC1D84300EE5D0A /* EngineView.h */,
				12822BB41CC1D84700EE5D0A /* EngineView.mm */,
				12822B2E1CC1ADD500EE5D0A /* Mac.mm */,
			);
			name = Mac;
			sourceTree = "<group>";
		};
		12822B2B1CC1ADC600EE5D0A /* UNIX */ = {
			isa = PBXGroup;
			children = (
				12822B2C1CC1ADD000EE5D0A /* UNIX.cpp */,
			);
			name = UNIX;
			sourceTree = "<group>";
		};
		12822B321CC1ADE700EE5D0A /* System */ = {
			isa = PBXGroup;
			children = (
				12822B481CC1AE1800EE5D0A /* AssetLoader */,
				12822B471CC1AE1500EE5D0A /* VFS */,
				12822B4D1CC1AE2800EE5D0A /* Logger.cpp */,
			);
			name = System;
			sourceTree = "<group>";
		};
		12822B331CC1ADF000EE5D0A /* Scene */ = {
			isa = PBXGroup;
			children = (
				12822B391CC1AE0E00EE5D0A /* Camera.cpp */,
				12822B3A1CC1AE0E00EE5D0A /* Light.cpp */,
				12822B3B1CC1AE0E00EE5D0A /* Object.cpp */,
				12822B3C1CC1AE0E00EE5D0A /* ObjectComponent.cpp */,
				12822B3D1CC1AE0E00EE5D0A /* Scene.cpp */,
				12822B3E1CC1AE0E00EE5D0A /* Skybox.cpp */,
				12822B3F1CC1AE0E00EE5D0A /* Terrain.cpp */,
			);
			name = Scene;
			sourceTree = "<group>";
		};
		12822B341CC1ADF400EE5D0A /* PostEffects */ = {
			isa = PBXGroup;
			children = (
				12822B351CC1AE0600EE5D0A /* Effect.cpp */,
				12822B361CC1AE0600EE5D0A /* SMAA.cpp */,
			);
			name = PostEffects;
			sourceTree = "<group>";
		};
		12822B471CC1AE1500EE5D0A /* VFS */ = {
			isa = PBXGroup;
			children = (
				12822B511CC1AE2E00EE5D0A /* VFS.cpp */,
				12822B521CC1AE2E00EE5D0A /* VFSArchive.cpp */,
				12822B531CC1AE2E00EE5D0A /* VFSFile.cpp */,
			);
			name = VFS;
			sourceTree = "<group>";
		};
		12822B481CC1AE1800EE5D0A /* AssetLoader */ = {
			isa = PBXGroup;
			children = (
				12822B491CC1AE2000EE5D0A /* AssetLoader.cpp */,
				12822B4A1CC1AE2000EE5D0A /* ogg_callbacks.cpp */,
			);
			name = AssetLoader;
			sourceTree = "<group>";
		};
		12822B571CC1AE4500EE5D0A /* Include */ = {
			isa = PBXGroup;
			children = (
				12822B581CC1AE4E00EE5D0A /* Audio */,
				12822B5B1CC1AE4E00EE5D0A /* Engine */,
				12822B701CC1AE4E00EE5D0A /* Platform */,
				12822B721CC1AE4E00EE5D0A /* PostEffects */,
				12822B7A1CC1AE4E00EE5D0A /* Renderer */,
				12822B811CC1AE4E00EE5D0A /* Resource */,
				12822B8A1CC1AE4E00EE5D0A /* Scene */,
				12822B921CC1AE4E00EE5D0A /* System */,
			);
			name = Include;
			sourceTree = "<group>";
		};
		12822B581CC1AE4E00EE5D0A /* Audio */ = {
			isa = PBXGroup;
			children = (
				12822B591CC1AE4E00EE5D0A /* AudioClip.h */,
				12822B5A1CC1AE4E00EE5D0A /* AudioSource.h */,
			);
			name = Audio;
			path = ../Include/Audio;
			sourceTree = "<group>";
		};
		12822B5B1CC1AE4E00EE5D0A /* Engine */ = {
			isa = PBXGroup;
			children = (
				127DF8B11CCB14DA005F2693 /* AnimationClip.h */,
				1255C57B1CD24CF60036E1DA /* Bone.h */,
				12822B5C1CC1AE4E00EE5D0A /* DeferredBuffer.h */,
				12822B5D1CC1AE4E00EE5D0A /* Engine.h */,
				12822B5E1CC1AE4E00EE5D0A /* EngineClassFactory.h */,
				12822B5F1CC1AE4E00EE5D0A /* EngineUtils.h */,
				12822B601CC1AE4E00EE5D0A /* GameModule.h */,
				12822B611CC1AE4E00EE5D0A /* LoadingScreen.h */,
				12822B621CC1AE4E00EE5D0A /* Material.h */,
				12822B631CC1AE4E00EE5D0A /* StaticMesh.h */,
				12822B641CC1AE4E00EE5D0A /* PostProcessor.h */,
				12822B651CC1AE4E00EE5D0A /* ResourceDatabase.h */,
				12822B661CC1AE4E00EE5D0A /* ResourceManager.h */,
				12822B671CC1AE4E00EE5D0A /* SceneManager.h */,
				12822B681CC1AE4E00EE5D0A /* Shader.h */,
				12822B691CC1AE4E00EE5D0A /* ShadowMap.h */,
				12CE01711CC991B900F3D84B /* SkeletalMesh.h */,
				12822B6A1CC1AE4E00EE5D0A /* SoundManager.h */,
				12822B6B1CC1AE4E00EE5D0A /* SSAO.h */,
				12822B6C1CC1AE4E00EE5D0A /* Texture.h */,
				12822B6D1CC1AE4E00EE5D0A /* TextureFont.h */,
				12822B6E1CC1AE4E00EE5D0A /* Version.h */,
				12822B6F1CC1AE4E00EE5D0A /* Vertex.h */,
			);
			name = Engine;
			path = ../Include/Engine;
			sourceTree = "<group>";
		};
		12822B701CC1AE4E00EE5D0A /* Platform */ = {
			isa = PBXGroup;
			children = (
				1279C0FD1CC91E5800E521AD /* Compat.h */,
				12822B711CC1AE4E00EE5D0A /* Platform.h */,
				1296BBD31CDBB6B500D17488 /* PlatformDetect.h */,
			);
			name = Platform;
			path = ../Include/Platform;
			sourceTree = "<group>";
		};
		12822B721CC1AE4E00EE5D0A /* PostEffects */ = {
			isa = PBXGroup;
			children = (
				12822B731CC1AE4E00EE5D0A /* Bloom.h */,
				12822B741CC1AE4E00EE5D0A /* Effect.h */,
				12822B751CC1AE4E00EE5D0A /* FXAA.h */,
				12822B761CC1AE4E00EE5D0A /* SMAA */,
				12822B791CC1AE4E00EE5D0A /* SMAA.h */,
			);
			name = PostEffects;
			path = ../Include/PostEffects;
			sourceTree = "<group>";
		};
		12822B761CC1AE4E00EE5D0A /* SMAA */ = {
			isa = PBXGroup;
			children = (
				12822B771CC1AE4E00EE5D0A /* AreaTex.h */,
				12822B781CC1AE4E00EE5D0A /* SearchTex.h */,
			);
			path = SMAA;
			sourceTree = "<group>";
		};
		12822B7A1CC1AE4E00EE5D0A /* Renderer */ = {
			isa = PBXGroup;
			children = (
				12822B7B1CC1AE4E00EE5D0A /* RArrayBuffer.h */,
				12822B7C1CC1AE4E00EE5D0A /* RBuffer.h */,
				12822B7D1CC1AE4E00EE5D0A /* Renderer.h */,
				12822B7E1CC1AE4E00EE5D0A /* RFramebuffer.h */,
				12822B7F1CC1AE4E00EE5D0A /* RShader.h */,
				12822B801CC1AE4E00EE5D0A /* RTexture.h */,
			);
			name = Renderer;
			path = ../Include/Renderer;
			sourceTree = "<group>";
		};
		12822B811CC1AE4E00EE5D0A /* Resource */ = {
			isa = PBXGroup;
			children = (
				127DF8AF1CCB13AD005F2693 /* AnimationClipResource.h */,
				12822B821CC1AE4E00EE5D0A /* AudioClipResource.h */,
				12822B831CC1AE4E00EE5D0A /* MaterialResource.h */,
				12822B841CC1AE4E00EE5D0A /* MeshResource.h */,
				12822B851CC1AE4E00EE5D0A /* Resource.h */,
				12822B861CC1AE4E00EE5D0A /* ResourceInfo.h */,
				12822B871CC1AE4E00EE5D0A /* ShaderResource.h */,
				12822B881CC1AE4E00EE5D0A /* TextureFontResource.h */,
				12822B891CC1AE4E00EE5D0A /* TextureResource.h */,
			);
			name = Resource;
			path = ../Include/Resource;
			sourceTree = "<group>";
		};
		12822B8A1CC1AE4E00EE5D0A /* Scene */ = {
			isa = PBXGroup;
			children = (
				12822B8B1CC1AE4E00EE5D0A /* Camera.h */,
				12822B8C1CC1AE4E00EE5D0A /* Light.h */,
				12822B8D1CC1AE4E00EE5D0A /* Object.h */,
				12822B8E1CC1AE4E00EE5D0A /* ObjectComponent.h */,
				12822B8F1CC1AE4E00EE5D0A /* Scene.h */,
				12822B901CC1AE4E00EE5D0A /* Skybox.h */,
				12822B911CC1AE4E00EE5D0A /* Terrain.h */,
			);
			name = Scene;
			path = ../Include/Scene;
			sourceTree = "<group>";
		};
		12822B921CC1AE4E00EE5D0A /* System */ = {
			isa = PBXGroup;
			children = (
				12822B931CC1AE4E00EE5D0A /* AssetLoader */,
				12822B961CC1AE4E00EE5D0A /* Logger.h */,
				12822B981CC1AE4E00EE5D0A /* VFS */,
			);
			name = System;
			path = ../Include/System;
			sourceTree = "<group>";
		};
		12822B931CC1AE4E00EE5D0A /* AssetLoader */ = {
			isa = PBXGroup;
			children = (
				12822B941CC1AE4E00EE5D0A /* AssetLoader.h */,
				12822B951CC1AE4E00EE5D0A /* ogg_callbacks.h */,
			);
			path = AssetLoader;
			sourceTree = "<group>";
		};
		12822B981CC1AE4E00EE5D0A /* VFS */ = {
			isa = PBXGroup;
			children = (
				12822B991CC1AE4E00EE5D0A /* VFS.h */,
				12822B9A1CC1AE4E00EE5D0A /* VFSArchive.h */,
				12822B9B1CC1AE4E00EE5D0A /* VFSFile.h */,
			);
			path = VFS;
			sourceTree = "<group>";
		};
		12822BAE1CC1B01400EE5D0A /* Libraries */ = {
			isa = PBXGroup;
			children = (
				12822BAC1CC1B00500EE5D0A /* libvorbisfile.3.dylib */,
				12822BAA1CC1AF2B00EE5D0A /* libogg.0.dylib */,
				12822BA51CC1AF0E00EE5D0A /* libpng16.16.dylib */,
				12822BA61CC1AF0E00EE5D0A /* libvorbis.0.dylib */,
				126DE7B51CC86C6000A9E5AB /* libz.dylib */,
				126DE7B61CC86C6000A9E5AB /* libsqlite3.dylib */,
			);
			name = Libraries;
			sourceTree = "<group>";
		};
		12822BAF1CC1B01F00EE5D0A /* Frameworks */ = {
			isa = PBXGroup;
			children = (
				126DE7AF1CC8673B00A9E5AB /* libz.dylib */,
				126DE7AD1CC8673600A9E5AB /* libsqlite3.dylib */,
				12822BB61CC1DA4C00EE5D0A /* Carbon.framework */,
				12822B9E1CC1AED800EE5D0A /* OpenAL.framework */,
				12822B9C1CC1AED300EE5D0A /* Cocoa.framework */,
			);
			name = Frameworks;
			sourceTree = "<group>";
		};
		1296BB6E1CDB7EA700D17488 /* iOS */ = {
			isa = PBXGroup;
			children = (
				1296BB6F1CDB7EEA00D17488 /* EngineAppDelegate.h */,
				1296BB701CDB7EEA00D17488 /* EngineAppDelegate.mm */,
				1243C8911CDCE15A00BA692E /* EngineInputDelegate.h */,
				1243C8921CDCE15A00BA692E /* EngineInputDelegate.mm */,
				1296BB731CDB7F3400D17488 /* iOS.mm */,
			);
			name = iOS;
			sourceTree = "<group>";
		};
/* End PBXGroup section */

/* Begin PBXHeadersBuildPhase section */
		12822AEF1CC1AD4300EE5D0A /* Headers */ = {
			isa = PBXHeadersBuildPhase;
			buildActionMask = 2147483647;
			files = (
				1279C0FE1CC91E5800E521AD /* Compat.h in Headers */,
				127DF8B01CCB13AD005F2693 /* AnimationClipResource.h in Headers */,
				12822BB31CC1D84300EE5D0A /* EngineView.h in Headers */,
				127DF8B21CCB14DA005F2693 /* AnimationClip.h in Headers */,
				1296BBD41CDBB6B500D17488 /* PlatformDetect.h in Headers */,
				12CE01721CC991B900F3D84B /* SkeletalMesh.h in Headers */,
				1255C57C1CD24CF60036E1DA /* Bone.h in Headers */,
				12822BBA1CC1DB9500EE5D0A /* EngineAppDelegate.h in Headers */,
			);
			runOnlyForDeploymentPostprocessing = 0;
		};
/* End PBXHeadersBuildPhase section */

/* Begin PBXNativeTarget section */
		124A31D21CDC258C00472893 /* Engine_iOS */ = {
			isa = PBXNativeTarget;
			buildConfigurationList = 124A31D91CDC258C00472893 /* Build configuration list for PBXNativeTarget "Engine_iOS" */;
			buildPhases = (
				124A31CF1CDC258C00472893 /* Sources */,
				124A31D01CDC258C00472893 /* Frameworks */,
				124A31D11CDC258C00472893 /* CopyFiles */,
			);
			buildRules = (
			);
			dependencies = (
			);
			name = Engine_iOS;
			productName = Engine_iOS;
			productReference = 124A31D31CDC258C00472893 /* libEngine_iOS.a */;
			productType = "com.apple.product-type.library.static";
		};
		12822AF01CC1AD4300EE5D0A /* Engine */ = {
			isa = PBXNativeTarget;
			buildConfigurationList = 12822AFC1CC1AD4300EE5D0A /* Build configuration list for PBXNativeTarget "Engine" */;
			buildPhases = (
				12822AED1CC1AD4300EE5D0A /* Sources */,
				12822AEE1CC1AD4300EE5D0A /* Frameworks */,
				12822AEF1CC1AD4300EE5D0A /* Headers */,
			);
			buildRules = (
			);
			dependencies = (
			);
			name = Engine;
			productName = Engine;
			productReference = 12822AF11CC1AD4300EE5D0A /* libEngine.dylib */;
			productType = "com.apple.product-type.library.dynamic";
		};
/* End PBXNativeTarget section */

/* Begin PBXProject section */
		12822AE91CC1AD4300EE5D0A /* Project object */ = {
			isa = PBXProject;
			attributes = {
				LastUpgradeCheck = 0730;
				ORGANIZATIONNAME = "Alexandru Naiman";
				TargetAttributes = {
					124A31D21CDC258C00472893 = {
						CreatedOnToolsVersion = 7.3;
						DevelopmentTeam = UJ5SVB42BG;
					};
					12822AF01CC1AD4300EE5D0A = {
						CreatedOnToolsVersion = 7.3;
					};
				};
			};
			buildConfigurationList = 12822AEC1CC1AD4300EE5D0A /* Build configuration list for PBXProject "Engine" */;
			compatibilityVersion = "Xcode 3.2";
			developmentRegion = English;
			hasScannedForEncodings = 0;
			knownRegions = (
				en,
			);
			mainGroup = 12822AE81CC1AD4300EE5D0A;
			productRefGroup = 12822AF21CC1AD4300EE5D0A /* Products */;
			projectDirPath = "";
			projectRoot = "";
			targets = (
				12822AF01CC1AD4300EE5D0A /* Engine */,
				124A31D21CDC258C00472893 /* Engine_iOS */,
			);
		};
/* End PBXProject section */

/* Begin PBXSourcesBuildPhase section */
		124A31CF1CDC258C00472893 /* Sources */ = {
			isa = PBXSourcesBuildPhase;
			buildActionMask = 2147483647;
			files = (
				124A31F91CDC263600472893 /* SMAA.cpp in Sources */,
				124A31E01CDC260E00472893 /* AudioClip.cpp in Sources */,
				124A31ED1CDC261500472893 /* ShadowMap.cpp in Sources */,
				124A31E41CDC261500472893 /* Engine.cpp in Sources */,
				124A31EE1CDC261500472893 /* SkeletalMesh.cpp in Sources */,
				124A31FF1CDC264100472893 /* Skybox.cpp in Sources */,
				124A31E81CDC261500472893 /* PostProcessor.cpp in Sources */,
				124A31F71CDC263000472893 /* shared.cpp in Sources */,
				124A31F81CDC263600472893 /* Effect.cpp in Sources */,
				124A31FE1CDC264100472893 /* Scene.cpp in Sources */,
				124A32041CDC264100472893 /* VFSArchive.cpp in Sources */,
				124A32061CDC264100472893 /* Logger.cpp in Sources */,
				124A31FC1CDC264100472893 /* Object.cpp in Sources */,
				124A31E31CDC261500472893 /* DeferredBuffer.cpp in Sources */,
				124A31EC1CDC261500472893 /* Shader.cpp in Sources */,
				124A31F51CDC263000472893 /* iOS.mm in Sources */,
				124A31E51CDC261500472893 /* LoadingScreen.cpp in Sources */,
				124A31EF1CDC261500472893 /* SoundManager.cpp in Sources */,
				124A31F61CDC263000472893 /* reallocarray.cpp in Sources */,
				124A31FB1CDC264100472893 /* Light.cpp in Sources */,
				124A31F01CDC261500472893 /* SSAO.cpp in Sources */,
				124A31F41CDC262D00472893 /* EngineAppDelegate.mm in Sources */,
				124A32051CDC264100472893 /* VFSFile.cpp in Sources */,
				124A32011CDC264100472893 /* AssetLoader.cpp in Sources */,
				124A31FA1CDC264100472893 /* Camera.cpp in Sources */,
				124A32021CDC264100472893 /* ogg_callbacks.cpp in Sources */,
				124A31E71CDC261500472893 /* StaticMesh.cpp in Sources */,
				124A31E61CDC261500472893 /* Material.cpp in Sources */,
				124A31E11CDC260E00472893 /* AudioSource.cpp in Sources */,
				124A31F11CDC261500472893 /* Texture.cpp in Sources */,
				124A31E21CDC261500472893 /* AnimationClip.cpp in Sources */,
				124A31F31CDC262800472893 /* UNIX.cpp in Sources */,
				124A31E91CDC261500472893 /* ResourceDatabase.cpp in Sources */,
				1243C8931CDCE15A00BA692E /* EngineInputDelegate.mm in Sources */,
				124A31F21CDC261500472893 /* TextureFont.cpp in Sources */,
				124A32001CDC264100472893 /* Terrain.cpp in Sources */,
				124A31FD1CDC264100472893 /* ObjectComponent.cpp in Sources */,
				124A32031CDC264100472893 /* VFS.cpp in Sources */,
				124A31EB1CDC261500472893 /* SceneManager.cpp in Sources */,
				124A31EA1CDC261500472893 /* ResourceManager.cpp in Sources */,
			);
			runOnlyForDeploymentPostprocessing = 0;
		};
		12822AED1CC1AD4300EE5D0A /* Sources */ = {
			isa = PBXSourcesBuildPhase;
			buildActionMask = 2147483647;
			files = (
				12822B1F1CC1ADAE00EE5D0A /* PostProcessor.cpp in Sources */,
				12822B201CC1ADAE00EE5D0A /* ResourceDatabase.cpp in Sources */,
				12822B081CC1AD9C00EE5D0A /* AudioClip.cpp in Sources */,
				12CE01701CC9919300F3D84B /* SkeletalMesh.cpp in Sources */,
				12822B561CC1AE2E00EE5D0A /* VFSFile.cpp in Sources */,
				12822B1B1CC1ADAE00EE5D0A /* Engine.cpp in Sources */,
				12822B2F1CC1ADD500EE5D0A /* Mac.mm in Sources */,
				12822B1D1CC1ADAE00EE5D0A /* Material.cpp in Sources */,
				12822B441CC1AE0E00EE5D0A /* Scene.cpp in Sources */,
				12822B211CC1ADAE00EE5D0A /* ResourceManager.cpp in Sources */,
				12822B401CC1AE0E00EE5D0A /* Camera.cpp in Sources */,
				12822BB51CC1D84700EE5D0A /* EngineView.mm in Sources */,
				12822B1E1CC1ADAE00EE5D0A /* StaticMesh.cpp in Sources */,
				12822B541CC1AE2E00EE5D0A /* VFS.cpp in Sources */,
				12822B1A1CC1ADAE00EE5D0A /* DeferredBuffer.cpp in Sources */,
				12822B381CC1AE0600EE5D0A /* SMAA.cpp in Sources */,
				12822B241CC1ADAE00EE5D0A /* ShadowMap.cpp in Sources */,
				12822B311CC1ADDB00EE5D0A /* shared.cpp in Sources */,
				12822B421CC1AE0E00EE5D0A /* Object.cpp in Sources */,
				12822B4B1CC1AE2000EE5D0A /* AssetLoader.cpp in Sources */,
				12822B2D1CC1ADD000EE5D0A /* UNIX.cpp in Sources */,
				1279C1001CC91E7600E521AD /* reallocarray.cpp in Sources */,
				12822B551CC1AE2E00EE5D0A /* VFSArchive.cpp in Sources */,
				12822B281CC1ADAE00EE5D0A /* TextureFont.cpp in Sources */,
				12822B261CC1ADAE00EE5D0A /* SSAO.cpp in Sources */,
				12822B221CC1ADAE00EE5D0A /* SceneManager.cpp in Sources */,
				12822B091CC1AD9C00EE5D0A /* AudioSource.cpp in Sources */,
				12822B411CC1AE0E00EE5D0A /* Light.cpp in Sources */,
				12822B371CC1AE0600EE5D0A /* Effect.cpp in Sources */,
				12822B251CC1ADAE00EE5D0A /* SoundManager.cpp in Sources */,
				12822B451CC1AE0E00EE5D0A /* Skybox.cpp in Sources */,
				12822B271CC1ADAE00EE5D0A /* Texture.cpp in Sources */,
				12822B4C1CC1AE2000EE5D0A /* ogg_callbacks.cpp in Sources */,
				12822B4F1CC1AE2800EE5D0A /* Logger.cpp in Sources */,
				127DF8B41CCB1572005F2693 /* AnimationClip.cpp in Sources */,
				12822B231CC1ADAE00EE5D0A /* Shader.cpp in Sources */,
				12822BBB1CC1DB9500EE5D0A /* EngineAppDelegate.mm in Sources */,
				12822B461CC1AE0E00EE5D0A /* Terrain.cpp in Sources */,
				12822B431CC1AE0E00EE5D0A /* ObjectComponent.cpp in Sources */,
				12822B1C1CC1ADAE00EE5D0A /* LoadingScreen.cpp in Sources */,
			);
			runOnlyForDeploymentPostprocessing = 0;
		};
/* End PBXSourcesBuildPhase section */

/* Begin XCBuildConfiguration section */
		124A31DA1CDC258C00472893 /* Debug */ = {
			isa = XCBuildConfiguration;
			buildSettings = {
				CLANG_CXX_LANGUAGE_STANDARD = "c++14";
				"CODE_SIGN_IDENTITY[sdk=iphoneos*]" = "iPhone Developer";
				DEAD_CODE_STRIPPING = NO;
				FRAMEWORK_SEARCH_PATHS = (
					"$(inherited)",
					"\"$(SRCROOT)/../Launcher/Launcher-iOS/Frameworks\"",
				);
				GCC_C_LANGUAGE_STANDARD = c11;
				GCC_FAST_MATH = YES;
				GCC_INPUT_FILETYPE = sourcecode.cpp.objcpp;
				GCC_UNROLL_LOOPS = YES;
				HEADER_SEARCH_PATHS = (
					"\"$(SRCROOT)/../Include\"",
					"\"$(SRCROOT)/../3rdparty/include_all\"",
				);
				IPHONEOS_DEPLOYMENT_TARGET = 9.3;
				LLVM_LTO = YES;
				OTHER_LDFLAGS = "-ObjC";
				PRODUCT_NAME = "$(TARGET_NAME)";
				SDKROOT = iphoneos;
				SKIP_INSTALL = YES;
				STRIP_INSTALLED_PRODUCT = YES;
			};
			name = Debug;
		};
		124A31DB1CDC258C00472893 /* Release */ = {
			isa = XCBuildConfiguration;
			buildSettings = {
				CLANG_CXX_LANGUAGE_STANDARD = "c++14";
				"CODE_SIGN_IDENTITY[sdk=iphoneos*]" = "iPhone Developer";
				DEAD_CODE_STRIPPING = NO;
				FRAMEWORK_SEARCH_PATHS = (
					"$(inherited)",
					"\"$(SRCROOT)/../Launcher/Launcher-iOS/Frameworks\"",
				);
				GCC_C_LANGUAGE_STANDARD = c11;
				GCC_FAST_MATH = YES;
				GCC_INPUT_FILETYPE = sourcecode.cpp.objcpp;
				GCC_OPTIMIZATION_LEVEL = fast;
				GCC_UNROLL_LOOPS = YES;
				HEADER_SEARCH_PATHS = (
					"\"$(SRCROOT)/../Include\"",
					"\"$(SRCROOT)/../3rdparty/include_all\"",
				);
				IPHONEOS_DEPLOYMENT_TARGET = 9.3;
				LLVM_LTO = YES;
				OTHER_LDFLAGS = "-ObjC";
				PRODUCT_NAME = "$(TARGET_NAME)";
				SDKROOT = iphoneos;
				SKIP_INSTALL = YES;
				STRIP_INSTALLED_PRODUCT = YES;
				VALIDATE_PRODUCT = YES;
			};
			name = Release;
		};
		12822AFA1CC1AD4300EE5D0A /* Debug */ = {
			isa = XCBuildConfiguration;
			buildSettings = {
				ALWAYS_SEARCH_USER_PATHS = NO;
				CLANG_ANALYZER_NONNULL = YES;
				CLANG_CXX_LANGUAGE_STANDARD = "c++14";
				CLANG_CXX_LIBRARY = "libc++";
				CLANG_ENABLE_MODULES = YES;
				CLANG_ENABLE_OBJC_ARC = YES;
				CLANG_WARN_BOOL_CONVERSION = YES;
				CLANG_WARN_CONSTANT_CONVERSION = YES;
				CLANG_WARN_DIRECT_OBJC_ISA_USAGE = YES_ERROR;
				CLANG_WARN_EMPTY_BODY = YES;
				CLANG_WARN_ENUM_CONVERSION = YES;
				CLANG_WARN_INT_CONVERSION = YES;
				CLANG_WARN_OBJC_ROOT_CLASS = YES_ERROR;
				CLANG_WARN_UNREACHABLE_CODE = YES;
				CLANG_WARN__DUPLICATE_METHOD_MATCH = YES;
				CODE_SIGN_IDENTITY = "-";
				COPY_PHASE_STRIP = NO;
				DEBUG_INFORMATION_FORMAT = dwarf;
				ENABLE_STRICT_OBJC_MSGSEND = YES;
				ENABLE_TESTABILITY = YES;
				GCC_C_LANGUAGE_STANDARD = c11;
				GCC_DYNAMIC_NO_PIC = NO;
				GCC_NO_COMMON_BLOCKS = YES;
				GCC_OPTIMIZATION_LEVEL = 0;
				GCC_PREPROCESSOR_DEFINITIONS = (
					"DEBUG=1",
					"$(inherited)",
				);
				GCC_WARN_64_TO_32_BIT_CONVERSION = YES;
				GCC_WARN_ABOUT_RETURN_TYPE = YES_ERROR;
				GCC_WARN_UNDECLARED_SELECTOR = YES;
				GCC_WARN_UNINITIALIZED_AUTOS = YES_AGGRESSIVE;
				GCC_WARN_UNUSED_FUNCTION = YES;
				GCC_WARN_UNUSED_VARIABLE = YES;
				MACOSX_DEPLOYMENT_TARGET = 10.11;
				MTL_ENABLE_DEBUG_INFO = YES;
				ONLY_ACTIVE_ARCH = YES;
				SDKROOT = macosx;
			};
			name = Debug;
		};
		12822AFB1CC1AD4300EE5D0A /* Release */ = {
			isa = XCBuildConfiguration;
			buildSettings = {
				ALWAYS_SEARCH_USER_PATHS = NO;
				CLANG_ANALYZER_NONNULL = YES;
				CLANG_CXX_LANGUAGE_STANDARD = "c++14";
				CLANG_CXX_LIBRARY = "libc++";
				CLANG_ENABLE_MODULES = YES;
				CLANG_ENABLE_OBJC_ARC = YES;
				CLANG_WARN_BOOL_CONVERSION = YES;
				CLANG_WARN_CONSTANT_CONVERSION = YES;
				CLANG_WARN_DIRECT_OBJC_ISA_USAGE = YES_ERROR;
				CLANG_WARN_EMPTY_BODY = YES;
				CLANG_WARN_ENUM_CONVERSION = YES;
				CLANG_WARN_INT_CONVERSION = YES;
				CLANG_WARN_OBJC_ROOT_CLASS = YES_ERROR;
				CLANG_WARN_UNREACHABLE_CODE = YES;
				CLANG_WARN__DUPLICATE_METHOD_MATCH = YES;
				CODE_SIGN_IDENTITY = "-";
				COPY_PHASE_STRIP = NO;
				DEBUG_INFORMATION_FORMAT = "dwarf-with-dsym";
				ENABLE_NS_ASSERTIONS = NO;
				ENABLE_STRICT_OBJC_MSGSEND = YES;
				GCC_C_LANGUAGE_STANDARD = c11;
				GCC_NO_COMMON_BLOCKS = YES;
				GCC_WARN_64_TO_32_BIT_CONVERSION = YES;
				GCC_WARN_ABOUT_RETURN_TYPE = YES_ERROR;
				GCC_WARN_UNDECLARED_SELECTOR = YES;
				GCC_WARN_UNINITIALIZED_AUTOS = YES_AGGRESSIVE;
				GCC_WARN_UNUSED_FUNCTION = YES;
				GCC_WARN_UNUSED_VARIABLE = YES;
				MACOSX_DEPLOYMENT_TARGET = 10.11;
				MTL_ENABLE_DEBUG_INFO = NO;
				SDKROOT = macosx;
			};
			name = Release;
		};
		12822AFD1CC1AD4300EE5D0A /* Debug */ = {
			isa = XCBuildConfiguration;
			buildSettings = {
				DYLIB_COMPATIBILITY_VERSION = 217;
				DYLIB_CURRENT_VERSION = 217;
				DYLIB_INSTALL_NAME_BASE = "$(INSTALL_PATH)";
				EXECUTABLE_PREFIX = lib;
				FRAMEWORK_SEARCH_PATHS = (
					"$(inherited)",
					"$(PROJECT_DIR)",
				);
				GCC_ENABLE_CPP_EXCEPTIONS = YES;
				GCC_ENABLE_CPP_RTTI = YES;
				GCC_FAST_MATH = YES;
				GCC_INPUT_FILETYPE = sourcecode.cpp.objcpp;
				GCC_PREPROCESSOR_DEFINITIONS = (
					"DEBUG=1",
					"$(inherited)",
					_DEBUG,
				);
				GCC_SYMBOLS_PRIVATE_EXTERN = NO;
				GCC_UNROLL_LOOPS = YES;
				HEADER_SEARCH_PATHS = (
					/usr/local/include,
					"\"$(SRCROOT)/../Include\"",
					"\"$(SRCROOT)/../3rdparty/include_all\"",
				);
				INSTALL_PATH = "@rpath";
				LD_DYLIB_INSTALL_NAME = "$(DYLIB_INSTALL_NAME_BASE:standardizepath)/$(EXECUTABLE_PATH)";
				LD_RUNPATH_SEARCH_PATHS = "@executable_path/../Libraries/ @executable_path";
				LIBRARY_SEARCH_PATHS = /usr/local/lib;
				MACOSX_DEPLOYMENT_TARGET = 10.9;
				PRODUCT_NAME = "$(TARGET_NAME)";
				SKIP_INSTALL = YES;
			};
			name = Debug;
		};
		12822AFE1CC1AD4300EE5D0A /* Release */ = {
			isa = XCBuildConfiguration;
			buildSettings = {
				CLANG_USE_OPTIMIZATION_PROFILE = YES;
				DYLIB_COMPATIBILITY_VERSION = 217;
				DYLIB_CURRENT_VERSION = 217;
				DYLIB_INSTALL_NAME_BASE = "$(INSTALL_PATH)";
				EXECUTABLE_PREFIX = lib;
				FRAMEWORK_SEARCH_PATHS = (
					"$(inherited)",
					"$(PROJECT_DIR)",
				);
				GCC_ENABLE_CPP_EXCEPTIONS = YES;
				GCC_ENABLE_CPP_RTTI = YES;
				GCC_FAST_MATH = YES;
				GCC_INPUT_FILETYPE = sourcecode.cpp.objcpp;
				GCC_OPTIMIZATION_LEVEL = fast;
				GCC_SYMBOLS_PRIVATE_EXTERN = NO;
				GCC_UNROLL_LOOPS = YES;
				HEADER_SEARCH_PATHS = (
					/usr/local/include,
					"\"$(SRCROOT)/../Include\"",
					"\"$(SRCROOT)/../3rdparty/include_all\"",
				);
				INSTALL_PATH = "@rpath";
				LD_DYLIB_INSTALL_NAME = "$(DYLIB_INSTALL_NAME_BASE:standardizepath)/$(EXECUTABLE_PATH)";
				LD_RUNPATH_SEARCH_PATHS = "@executable_path/../Libraries/ @executable_path";
				LIBRARY_SEARCH_PATHS = /usr/local/lib;
				LLVM_LTO = YES;
				MACOSX_DEPLOYMENT_TARGET = 10.9;
				PRODUCT_NAME = "$(TARGET_NAME)";
				SKIP_INSTALL = YES;
			};
			name = Release;
		};
/* End XCBuildConfiguration section */

/* Begin XCConfigurationList section */
		124A31D91CDC258C00472893 /* Build configuration list for PBXNativeTarget "Engine_iOS" */ = {
			isa = XCConfigurationList;
			buildConfigurations = (
				124A31DA1CDC258C00472893 /* Debug */,
				124A31DB1CDC258C00472893 /* Release */,
			);
			defaultConfigurationIsVisible = 0;
			defaultConfigurationName = Release;
		};
		12822AEC1CC1AD4300EE5D0A /* Build configuration list for PBXProject "Engine" */ = {
			isa = XCConfigurationList;
			buildConfigurations = (
				12822AFA1CC1AD4300EE5D0A /* Debug */,
				12822AFB1CC1AD4300EE5D0A /* Release */,
			);
			defaultConfigurationIsVisible = 0;
			defaultConfigurationName = Release;
		};
		12822AFC1CC1AD4300EE5D0A /* Build configuration list for PBXNativeTarget "Engine" */ = {
			isa = XCConfigurationList;
			buildConfigurations = (
				12822AFD1CC1AD4300EE5D0A /* Debug */,
				12822AFE1CC1AD4300EE5D0A /* Release */,
			);
			defaultConfigurationIsVisible = 0;
			defaultConfigurationName = Release;
		};
/* End XCConfigurationList section */
	};
	rootObject = 12822AE91CC1AD4300EE5D0A /* Project object */;
}
